<?xml version="1.0" encoding="utf-8"?>
<Project ToolsVersion="4.0" xmlns="http://schemas.microsoft.com/developer/msbuild/2003">
  <ItemGroup>
    <Filter Include="Source Files">
      <UniqueIdentifier>{4FC737F1-C7A5-4376-A066-2A32D752A2FF}</UniqueIdentifier>
      <Extensions>cpp;c;cc;cxx;def;odl;idl;hpj;bat;asm;asmx</Extensions>
    </Filter>
    <Filter Include="Header Files">
      <UniqueIdentifier>{93995380-89BD-4b04-88EB-625FBE52EBFB}</UniqueIdentifier>
      <Extensions>h;hh;hpp;hxx;hm;inl;inc;xsd</Extensions>
    </Filter>
    <Filter Include="Resource Files">
      <UniqueIdentifier>{67DA6AB6-F800-4c08-8B7A-83BB121AAD01}</UniqueIdentifier>
      <Extensions>rc;ico;cur;bmp;dlg;rc2;rct;bin;rgs;gif;jpg;jpeg;jpe;resx;tiff;tif;png;wav;mfcribbon-ms</Extensions>
    </Filter>
    <Filter Include="Header Files\EntitiesManager">
      <UniqueIdentifier>{45272b79-7c5c-4704-93ca-a6bbd42f36d7}</UniqueIdentifier>
    </Filter>
    <Filter Include="Header Files\Manipulators">
      <UniqueIdentifier>{590386c2-3a43-4d43-b068-8c7895395e30}</UniqueIdentifier>
    </Filter>
    <Filter Include="Header Files\Manipulators\Helpers">
      <UniqueIdentifier>{5f9ed7ee-a36d-492f-9773-87b4879933ad}</UniqueIdentifier>
    </Filter>
    <Filter Include="Header Files\Entity">
      <UniqueIdentifier>{f9232b74-ddd1-49f1-b736-e569c7bd844f}</UniqueIdentifier>
    </Filter>
    <Filter Include="Header Files\State">
      <UniqueIdentifier>{29c9c9f2-5d0b-4945-b1f6-cc1fdc243f13}</UniqueIdentifier>
    </Filter>
  </ItemGroup>
  <ItemGroup>
    <ClInclude Include="..\..\include\EntitiesManager\EntitiesManager.h">
      <Filter>Header Files\EntitiesManager</Filter>
    </ClInclude>
    <ClInclude Include="..\..\include\EntitiesManager\CardRef.h">
      <Filter>Header Files\EntitiesManager</Filter>
    </ClInclude>
    <ClInclude Include="..\..\include\Manipulators\MinionManipulator.h">
      <Filter>Header Files\Manipulators</Filter>
    </ClInclude>
    <ClInclude Include="..\..\include\Manipulators\SpellManipulator.h">
      <Filter>Header Files\Manipulators</Filter>
    </ClInclude>
    <ClInclude Include="..\..\include\Manipulators\Helpers\BasicHelper.h">
      <Filter>Header Files\Manipulators\Helpers</Filter>
    </ClInclude>
    <ClInclude Include="..\..\include\Entity\Card.h">
      <Filter>Header Files\Entity</Filter>
    </ClInclude>
    <ClInclude Include="..\..\include\Entity\CardType.h">
      <Filter>Header Files\Entity</Filter>
    </ClInclude>
    <ClInclude Include="..\..\include\Entity\CardZone.h">
      <Filter>Header Files\Entity</Filter>
    </ClInclude>
    <ClInclude Include="..\..\include\Entity\RawCard.h">
      <Filter>Header Files\Entity</Filter>
    </ClInclude>
    <ClInclude Include="..\..\include\Entity\EnchantmentAuxData.h">
      <Filter>Header Files\Entity</Filter>
    </ClInclude>
    <ClInclude Include="..\..\include\Entity\EnchantableStates.h">
      <Filter>Header Files\Entity</Filter>
    </ClInclude>
    <ClInclude Include="..\..\include\Manipulators\Helpers\EnchantmentHelper.h">
      <Filter>Header Files\Manipulators\Helpers</Filter>
    </ClInclude>
    <ClInclude Include="..\..\include\Manipulators\Helpers\AuraHelper.h">
      <Filter>Header Files\Manipulators\Helpers</Filter>
    </ClInclude>
    <ClInclude Include="..\..\include\Entity\AuraAuxData.h">
      <Filter>Header Files\Entity</Filter>
    </ClInclude>
    <ClInclude Include="..\..\include\State\State.h">
      <Filter>Header Files\State</Filter>
    </ClInclude>
    <ClInclude Include="..\..\include\State\Players.h">
      <Filter>Header Files\State</Filter>
    </ClInclude>
    <ClInclude Include="..\..\include\State\Player.h">
      <Filter>Header Files\State</Filter>
    </ClInclude>
    <ClInclude Include="..\..\include\State\Minions.h">
      <Filter>Header Files\State</Filter>
    </ClInclude>
    <ClInclude Include="..\..\include\State\PlayerIdentifier.h">
      <Filter>Header Files\State</Filter>
    </ClInclude>
    <ClInclude Include="..\..\include\Manipulators\Helpers\ZonePositionSetter.h">
      <Filter>Header Files\Manipulators\Helpers</Filter>
    </ClInclude>
  </ItemGroup>
  <ItemGroup>
    <ClCompile Include="Source.cpp">
      <Filter>Source Files</Filter>
    </ClCompile>
  </ItemGroup>
  <ItemGroup>
    <None Include="..\..\include\Manipulators\MinionManipulator-impl.h">
      <Filter>Header Files\Manipulators</Filter>
    </None>
  </ItemGroup>
</Project>