<?xml version="1.0" encoding="utf-8"?>
<Project ToolsVersion="4.0" xmlns="http://schemas.microsoft.com/developer/msbuild/2003">
  <ItemGroup>
    <Filter Include="Source Files">
      <UniqueIdentifier>{4FC737F1-C7A5-4376-A066-2A32D752A2FF}</UniqueIdentifier>
      <Extensions>cpp;c;cc;cxx;def;odl;idl;hpj;bat;asm;asmx</Extensions>
    </Filter>
    <Filter Include="Header Files">
      <UniqueIdentifier>{93995380-89BD-4b04-88EB-625FBE52EBFB}</UniqueIdentifier>
      <Extensions>h;hh;hpp;hxx;hm;inl;inc;xsd</Extensions>
    </Filter>
    <Filter Include="Resource Files">
      <UniqueIdentifier>{67DA6AB6-F800-4c08-8B7A-83BB121AAD01}</UniqueIdentifier>
      <Extensions>rc;ico;cur;bmp;dlg;rc2;rct;bin;rgs;gif;jpg;jpeg;jpe;resx;tiff;tif;png;wav;mfcribbon-ms</Extensions>
    </Filter>
    <Filter Include="Header Files\FlowControl">
      <UniqueIdentifier>{b6efd889-f8b1-482c-97a2-9074d8c530a5}</UniqueIdentifier>
    </Filter>
    <Filter Include="Header Files\State">
      <UniqueIdentifier>{0be2b0af-8171-4643-bd64-5f32850c5326}</UniqueIdentifier>
    </Filter>
    <Filter Include="Header Files\FlowControl\Helpers">
      <UniqueIdentifier>{7acbed2a-45eb-441e-a973-91977117cc7c}</UniqueIdentifier>
    </Filter>
    <Filter Include="Header Files\State\Cards">
      <UniqueIdentifier>{24898c9b-f21f-4a56-8b5a-64a82c7ccedc}</UniqueIdentifier>
    </Filter>
    <Filter Include="Header Files\State\Events">
      <UniqueIdentifier>{2831a711-b309-46de-8d05-ecb3b283b194}</UniqueIdentifier>
    </Filter>
    <Filter Include="Header Files\State\Events\impl">
      <UniqueIdentifier>{71ec3e2b-38b1-412f-9cf8-7866b790701a}</UniqueIdentifier>
    </Filter>
    <Filter Include="Header Files\FlowControl\Dispatchers">
      <UniqueIdentifier>{369bc012-1375-4603-9b5c-185ab9389242}</UniqueIdentifier>
    </Filter>
    <Filter Include="Header Files\State\Cards\Enchantments">
      <UniqueIdentifier>{8a42423e-507d-475e-bb7d-a5bb720258e5}</UniqueIdentifier>
    </Filter>
    <Filter Include="Header Files\State\board">
      <UniqueIdentifier>{09f30fa1-0430-4ea4-a58a-be10b03688d9}</UniqueIdentifier>
    </Filter>
    <Filter Include="Header Files\State\Events\EventTypes">
      <UniqueIdentifier>{05dcffa4-72d6-43ba-8159-ac5df6f77b11}</UniqueIdentifier>
    </Filter>
    <Filter Include="Header Files\FlowControl\Manipulators">
      <UniqueIdentifier>{89ce036c-53b3-446b-944c-7829de0e30e6}</UniqueIdentifier>
    </Filter>
    <Filter Include="Header Files\FlowControl\Manipulators\Helpers">
      <UniqueIdentifier>{2ea550ee-285d-45e7-80ad-eb758a981525}</UniqueIdentifier>
    </Filter>
    <Filter Include="Header Files\Utils">
      <UniqueIdentifier>{1e0e3a83-9f59-4d5f-b7a4-119c28d0a858}</UniqueIdentifier>
    </Filter>
    <Filter Include="Header Files\Cards">
      <UniqueIdentifier>{15db4448-989f-4198-8168-b63fab326ac3}</UniqueIdentifier>
    </Filter>
    <Filter Include="Source Files\libjson">
      <UniqueIdentifier>{eea7b60c-a83e-4249-ab35-8691b3384fc5}</UniqueIdentifier>
    </Filter>
    <Filter Include="Header Files\Cards\Expert1">
      <UniqueIdentifier>{d816ca13-17b2-4093-95d4-5535247b13db}</UniqueIdentifier>
    </Filter>
    <Filter Include="Header Files\Cards\Core">
      <UniqueIdentifier>{532fa20c-f0cd-45be-ba73-bbe3a33c763c}</UniqueIdentifier>
    </Filter>
  </ItemGroup>
  <ItemGroup>
    <ClCompile Include="main.cpp">
      <Filter>Source Files</Filter>
    </ClCompile>
    <ClCompile Include="test2.cpp">
      <Filter>Source Files</Filter>
    </ClCompile>
    <ClCompile Include="..\..\contrib\lib_json\json_reader.cpp">
      <Filter>Source Files\libjson</Filter>
    </ClCompile>
    <ClCompile Include="..\..\contrib\lib_json\json_value.cpp">
      <Filter>Source Files\libjson</Filter>
    </ClCompile>
    <ClCompile Include="..\..\contrib\lib_json\json_writer.cpp">
      <Filter>Source Files\libjson</Filter>
    </ClCompile>
  </ItemGroup>
  <ItemGroup>
    <ClInclude Include="..\..\include\FlowControl\FlowController.h">
      <Filter>Header Files\FlowControl</Filter>
    </ClInclude>
    <ClInclude Include="..\..\include\FlowControl\ActionTypes.h">
      <Filter>Header Files\FlowControl</Filter>
    </ClInclude>
    <ClInclude Include="..\..\include\State\State.h">
      <Filter>Header Files\State</Filter>
    </ClInclude>
    <ClInclude Include="..\..\include\FlowControl\Result.h">
      <Filter>Header Files\FlowControl</Filter>
    </ClInclude>
    <ClInclude Include="..\..\include\State\Cards\Manager.h">
      <Filter>Header Files\State\Cards</Filter>
    </ClInclude>
    <ClInclude Include="..\..\include\State\Cards\Manager-impl.h">
      <Filter>Header Files\State\Cards</Filter>
    </ClInclude>
    <ClInclude Include="..\..\include\State\Cards\AuraAuxData.h">
      <Filter>Header Files\State\Cards</Filter>
    </ClInclude>
    <ClInclude Include="..\..\include\State\Cards\Card.h">
      <Filter>Header Files\State\Cards</Filter>
    </ClInclude>
    <ClInclude Include="..\..\include\State\Cards\EnchantableStates.h">
      <Filter>Header Files\State\Cards</Filter>
    </ClInclude>
    <ClInclude Include="..\..\include\State\Cards\EnchantmentAuxData.h">
      <Filter>Header Files\State\Cards</Filter>
    </ClInclude>
    <ClInclude Include="..\..\include\State\Types.h">
      <Filter>Header Files\State</Filter>
    </ClInclude>
    <ClInclude Include="..\..\include\State\Events\Event.h">
      <Filter>Header Files\State\Events</Filter>
    </ClInclude>
    <ClInclude Include="..\..\include\State\Events\HandlersContainerController.h">
      <Filter>Header Files\State\Events</Filter>
    </ClInclude>
    <ClInclude Include="..\..\include\State\Events\impl\CategorizedHandlersContainer.h">
      <Filter>Header Files\State\Events\impl</Filter>
    </ClInclude>
    <ClInclude Include="..\..\include\State\Events\impl\HandlersContainer.h">
      <Filter>Header Files\State\Events\impl</Filter>
    </ClInclude>
    <ClInclude Include="..\..\include\FlowControl\Dispatchers\Minions.h">
      <Filter>Header Files\FlowControl\Dispatchers</Filter>
    </ClInclude>
    <ClInclude Include="..\..\include\State\Cards\Enchantments\Enchantments.h">
      <Filter>Header Files\State\Cards\Enchantments</Filter>
    </ClInclude>
    <ClInclude Include="..\..\include\State\Cards\Enchantments\TieredEnchantments.h">
      <Filter>Header Files\State\Cards\Enchantments</Filter>
    </ClInclude>
    <ClInclude Include="..\..\include\State\Cards\Enchantments\Tiers.h">
      <Filter>Header Files\State\Cards\Enchantments</Filter>
    </ClInclude>
    <ClInclude Include="..\..\include\State\Events\Manager.h">
      <Filter>Header Files\State\Events</Filter>
    </ClInclude>
    <ClInclude Include="..\..\include\State\board\Deck.h">
      <Filter>Header Files\State\board</Filter>
    </ClInclude>
    <ClInclude Include="..\..\include\State\board\Graveyard.h">
      <Filter>Header Files\State\board</Filter>
    </ClInclude>
    <ClInclude Include="..\..\include\State\board\Hand.h">
      <Filter>Header Files\State\board</Filter>
    </ClInclude>
    <ClInclude Include="..\..\include\State\board\Minions.h">
      <Filter>Header Files\State\board</Filter>
    </ClInclude>
    <ClInclude Include="..\..\include\State\board\Player.h">
      <Filter>Header Files\State\board</Filter>
    </ClInclude>
    <ClInclude Include="..\..\include\State\board\PlayerResource.h">
      <Filter>Header Files\State\board</Filter>
    </ClInclude>
    <ClInclude Include="..\..\include\State\board\Secrets.h">
      <Filter>Header Files\State\board</Filter>
    </ClInclude>
    <ClInclude Include="..\..\include\State\Events\EventTypes\AfterMinionPlayed.h">
      <Filter>Header Files\State\Events\EventTypes</Filter>
    </ClInclude>
    <ClInclude Include="..\..\include\State\Events\EventTypes\AfterMinionSummoned.h">
      <Filter>Header Files\State\Events\EventTypes</Filter>
    </ClInclude>
    <ClInclude Include="..\..\include\State\Events\EventTypes\BeforeMinionSummoned.h">
      <Filter>Header Files\State\Events\EventTypes</Filter>
    </ClInclude>
    <ClInclude Include="..\..\include\State\Events\EventTypes\OnMinionPlay.h">
      <Filter>Header Files\State\Events\EventTypes</Filter>
    </ClInclude>
    <ClInclude Include="..\..\include\State\Events\EventTypes\OnTurnEnd.h">
      <Filter>Header Files\State\Events\EventTypes</Filter>
    </ClInclude>
    <ClInclude Include="..\..\include\State\Events\EventTypes\OnTurnStart.h">
      <Filter>Header Files\State\Events\EventTypes</Filter>
    </ClInclude>
    <ClInclude Include="..\..\include\State\Events\EventTypes\BeforeAttack.h">
      <Filter>Header Files\State\Events\EventTypes</Filter>
    </ClInclude>
    <ClInclude Include="..\..\include\State\Events\EventTypes\AfterAttack.h">
      <Filter>Header Files\State\Events\EventTypes</Filter>
    </ClInclude>
    <ClInclude Include="..\..\include\State\board\Board.h">
      <Filter>Header Files\State\board</Filter>
    </ClInclude>
    <ClInclude Include="..\..\include\State\board\DefaultZonePosPolicy.h">
      <Filter>Header Files\State\board</Filter>
    </ClInclude>
    <ClInclude Include="..\..\include\FlowControl\Manipulators\CardManipulator.h">
      <Filter>Header Files\FlowControl\Manipulators</Filter>
    </ClInclude>
    <ClInclude Include="..\..\include\FlowControl\Manipulators\CharacterManipulator.h">
      <Filter>Header Files\FlowControl\Manipulators</Filter>
    </ClInclude>
    <ClInclude Include="..\..\include\FlowControl\Manipulators\MinionManipulator.h">
      <Filter>Header Files\FlowControl\Manipulators</Filter>
    </ClInclude>
    <ClInclude Include="..\..\include\FlowControl\Manipulators\WeaponManipulator.h">
      <Filter>Header Files\FlowControl\Manipulators</Filter>
    </ClInclude>
    <ClInclude Include="..\..\include\FlowControl\Manipulators\Helpers\AuraHelper.h">
      <Filter>Header Files\FlowControl\Manipulators\Helpers</Filter>
    </ClInclude>
    <ClInclude Include="..\..\include\FlowControl\Manipulators\Helpers\EnchantmentHelper.h">
      <Filter>Header Files\FlowControl\Manipulators\Helpers</Filter>
    </ClInclude>
    <ClInclude Include="..\..\include\FlowControl\Manipulators\Helpers\ZoneChanger.h">
      <Filter>Header Files\FlowControl\Manipulators\Helpers</Filter>
    </ClInclude>
    <ClInclude Include="..\..\include\FlowControl\Manipulators\Helpers\ZonePositionSetter.h">
      <Filter>Header Files\FlowControl\Manipulators\Helpers</Filter>
    </ClInclude>
    <ClInclude Include="..\..\include\FlowControl\Manipulators\Helpers\OrderedCardsManager.h">
      <Filter>Header Files\FlowControl\Manipulators\Helpers</Filter>
    </ClInclude>
    <ClInclude Include="..\..\include\FlowControl\Manipulators\Helpers\OrderedCardsManager-impl.h">
      <Filter>Header Files\FlowControl\Manipulators\Helpers</Filter>
    </ClInclude>
    <ClInclude Include="..\..\include\FlowControl\Manipulate.h">
      <Filter>Header Files\FlowControl</Filter>
    </ClInclude>
    <ClInclude Include="..\..\include\FlowControl\Manipulators\HeroManipulator.h">
      <Filter>Header Files\FlowControl\Manipulators</Filter>
    </ClInclude>
    <ClInclude Include="..\..\include\State\Events\EventTypes\OnTakeDamage.h">
      <Filter>Header Files\State\Events\EventTypes</Filter>
    </ClInclude>
    <ClInclude Include="..\..\include\FlowControl\FlowContext.h">
      <Filter>Header Files\FlowControl</Filter>
    </ClInclude>
    <ClInclude Include="..\..\include\FlowControl\Manipulators\Helpers\DeathrattlesHelper.h">
      <Filter>Header Files\FlowControl\Manipulators\Helpers</Filter>
    </ClInclude>
    <ClInclude Include="..\..\include\FlowControl\Manipulators\Helpers\AuraHelper-impl.h">
      <Filter>Header Files\FlowControl\Manipulators\Helpers</Filter>
    </ClInclude>
    <ClInclude Include="..\..\include\Utils\CopyByCloneWrapper.h">
      <Filter>Header Files\Utils</Filter>
    </ClInclude>
    <ClInclude Include="..\..\include\Utils\StaticDispatcher.h">
      <Filter>Header Files\Utils</Filter>
    </ClInclude>
    <ClInclude Include="..\..\include\Utils\StaticEventTriggerer.h">
      <Filter>Header Files\Utils</Filter>
    </ClInclude>
    <ClInclude Include="..\..\include\FlowControl\Manipulators\HeroManipulator-impl.h">
      <Filter>Header Files\FlowControl\Manipulators</Filter>
    </ClInclude>
    <ClInclude Include="..\..\include\FlowControl\IRandomGenerator.h">
      <Filter>Header Files\FlowControl</Filter>
    </ClInclude>
    <ClInclude Include="..\..\include\FlowControl\IActionParameterGetter.h">
      <Filter>Header Files\FlowControl</Filter>
    </ClInclude>
    <ClInclude Include="..\..\include\FlowControl\ActionParameterWrapper.h">
      <Filter>Header Files\FlowControl</Filter>
    </ClInclude>
    <ClInclude Include="..\..\include\FlowControl\Helpers\Resolver.h">
      <Filter>Header Files\FlowControl\Helpers</Filter>
    </ClInclude>
    <ClInclude Include="..\..\include\FlowControl\Manipulators\Helpers\EnchantmentHelper-impl.h">
      <Filter>Header Files\FlowControl\Manipulators\Helpers</Filter>
    </ClInclude>
    <ClInclude Include="..\..\include\FlowControl\Manipulators\Helpers\DamageHelper.h">
      <Filter>Header Files\FlowControl\Manipulators\Helpers</Filter>
    </ClInclude>
    <ClInclude Include="..\..\include\FlowControl\Manipulators\Helpers\DamageHelper-impl.h">
      <Filter>Header Files\FlowControl\Manipulators\Helpers</Filter>
    </ClInclude>
    <ClInclude Include="..\..\include\Cards\Database.h">
      <Filter>Header Files\Cards</Filter>
    </ClInclude>
    <ClInclude Include="..\..\include\Cards\id-map.h">
      <Filter>Header Files\Cards</Filter>
    </ClInclude>
    <ClInclude Include="..\..\include\Cards\Expert1\Neutral.h">
      <Filter>Header Files\Cards\Expert1</Filter>
    </ClInclude>
    <ClInclude Include="..\..\include\Cards\Cards.h">
      <Filter>Header Files\Cards</Filter>
    </ClInclude>
    <ClInclude Include="..\..\include\Cards\EnchantmentCardBase.h">
      <Filter>Header Files\Cards</Filter>
    </ClInclude>
    <ClInclude Include="..\..\include\State\Cards\CardData.h">
      <Filter>Header Files\State\Cards</Filter>
    </ClInclude>
    <ClInclude Include="..\..\include\Cards\CardData.h">
      <Filter>Header Files\Cards</Filter>
    </ClInclude>
    <ClInclude Include="..\..\include\Cards\MinionCardUtils.h">
      <Filter>Header Files\Cards</Filter>
    </ClInclude>
    <ClInclude Include="..\..\include\Cards\MinionCardBase.h">
      <Filter>Header Files\Cards</Filter>
    </ClInclude>
    <ClInclude Include="..\..\include\Cards\Core\Neutral.h">
      <Filter>Header Files\Cards\Core</Filter>
    </ClInclude>
    <ClInclude Include="..\..\include\Cards\TargetorUtils.h">
      <Filter>Header Files\Cards</Filter>
    </ClInclude>
    <ClInclude Include="..\..\include\State\Cards\AuraHandler.h">
      <Filter>Header Files\State\Cards</Filter>
    </ClInclude>
    <ClInclude Include="..\..\include\Cards\AuraHelper.h">
      <Filter>Header Files\Cards</Filter>
    </ClInclude>
    <ClInclude Include="..\..\include\FlowControl\Manipulators\Helpers\HealHelper.h">
      <Filter>Header Files\FlowControl\Manipulators\Helpers</Filter>
    </ClInclude>
    <ClInclude Include="..\..\include\FlowControl\Manipulators\Helpers\HealHelper-impl.h">
      <Filter>Header Files\FlowControl\Manipulators\Helpers</Filter>
    </ClInclude>
    <ClInclude Include="..\..\include\State\Events\EventTypes\OnHeal.h">
      <Filter>Header Files\State\Events\EventTypes</Filter>
    </ClInclude>
    <ClInclude Include="..\..\include\State\Events\EventTypes\UpdateAura.h">
      <Filter>Header Files\State\Events\EventTypes</Filter>
    </ClInclude>
    <ClInclude Include="..\..\include\Cards\Core\Warrior.h">
      <Filter>Header Files\Cards\Core</Filter>
    </ClInclude>
    <ClInclude Include="..\..\include\Cards\WeaponCardBase.h">
      <Filter>Header Files\Cards</Filter>
    </ClInclude>
    <ClInclude Include="..\..\include\FlowControl\Dispatchers\Weapons.h">
      <Filter>Header Files\FlowControl\Dispatchers</Filter>
    </ClInclude>
    <ClInclude Include="..\..\include\FlowControl\Contexts.h">
      <Filter>Header Files\FlowControl</Filter>
    </ClInclude>
  </ItemGroup>
</Project>