<?xml version="1.0" encoding="utf-8"?>
<Project ToolsVersion="4.0" xmlns="http://schemas.microsoft.com/developer/msbuild/2003">
  <ItemGroup>
    <Filter Include="Source Files">
      <UniqueIdentifier>{4FC737F1-C7A5-4376-A066-2A32D752A2FF}</UniqueIdentifier>
      <Extensions>cpp;c;cc;cxx;def;odl;idl;hpj;bat;asm;asmx</Extensions>
    </Filter>
    <Filter Include="Header Files">
      <UniqueIdentifier>{93995380-89BD-4b04-88EB-625FBE52EBFB}</UniqueIdentifier>
      <Extensions>h;hh;hpp;hxx;hm;inl;inc;xsd</Extensions>
    </Filter>
    <Filter Include="Resource Files">
      <UniqueIdentifier>{67DA6AB6-F800-4c08-8B7A-83BB121AAD01}</UniqueIdentifier>
      <Extensions>rc;ico;cur;bmp;dlg;rc2;rct;bin;rgs;gif;jpg;jpeg;jpe;resx;tiff;tif;png;wav;mfcribbon-ms</Extensions>
    </Filter>
    <Filter Include="Source Files\game-ai">
      <UniqueIdentifier>{5a3f04d7-9ed6-4ac6-8f78-ca1a8540e7d9}</UniqueIdentifier>
    </Filter>
    <Filter Include="Source Files\game-engine">
      <UniqueIdentifier>{1ab49289-278a-4840-a782-02c7e508f2b1}</UniqueIdentifier>
    </Filter>
    <Filter Include="Header Files\game-ai">
      <UniqueIdentifier>{335b066d-b918-4a1f-b950-c485e71e7caa}</UniqueIdentifier>
    </Filter>
    <Filter Include="Header Files\game-engine">
      <UniqueIdentifier>{f218c91a-812a-4655-bd2e-0ada3b7ca070}</UniqueIdentifier>
    </Filter>
    <Filter Include="Header Files\game-engine\stages">
      <UniqueIdentifier>{ac8d647e-0115-4745-acc8-39fe15a75c16}</UniqueIdentifier>
    </Filter>
    <Filter Include="Source Files\libjson">
      <UniqueIdentifier>{8407d611-c406-4ee2-a802-fee2201a3828}</UniqueIdentifier>
    </Filter>
    <Filter Include="Header Files\game-engine\cards">
      <UniqueIdentifier>{f36eda17-845d-4622-a742-877b0722f6bd}</UniqueIdentifier>
    </Filter>
    <Filter Include="Source Files\game-engine\stages">
      <UniqueIdentifier>{126e8ab6-5b8e-42ae-84e4-76de048faf8e}</UniqueIdentifier>
    </Filter>
    <Filter Include="Header Files\game-engine\board-objects">
      <UniqueIdentifier>{422966ba-2743-417e-9d37-89e1d9021612}</UniqueIdentifier>
    </Filter>
  </ItemGroup>
  <ItemGroup>
    <ClCompile Include="..\..\..\game-ai\lib\mcts.cpp">
      <Filter>Source Files\game-ai</Filter>
    </ClCompile>
    <ClCompile Include="..\..\..\game-engine\lib\board.cpp">
      <Filter>Source Files\game-engine</Filter>
    </ClCompile>
    <ClCompile Include="..\..\..\game-engine\lib\move.cpp">
      <Filter>Source Files\game-engine</Filter>
    </ClCompile>
    <ClCompile Include="merge-test.cpp">
      <Filter>Source Files</Filter>
    </ClCompile>
    <ClCompile Include="..\..\..\game-ai\lib\decider.cpp">
      <Filter>Source Files\game-ai</Filter>
    </ClCompile>
    <ClCompile Include="..\..\..\game-ai\lib\board-node-map.cpp">
      <Filter>Source Files\game-ai</Filter>
    </ClCompile>
    <ClCompile Include="..\..\..\game-engine\lib\card-database.cpp">
      <Filter>Source Files\game-engine</Filter>
    </ClCompile>
    <ClCompile Include="..\..\..\contrib\lib_json\json_reader.cpp">
      <Filter>Source Files\libjson</Filter>
    </ClCompile>
    <ClCompile Include="..\..\..\contrib\lib_json\json_value.cpp">
      <Filter>Source Files\libjson</Filter>
    </ClCompile>
    <ClCompile Include="..\..\..\contrib\lib_json\json_writer.cpp">
      <Filter>Source Files\libjson</Filter>
    </ClCompile>
    <ClCompile Include="..\..\..\game-engine\lib\stages\helper.cpp">
      <Filter>Source Files\game-engine\stages</Filter>
    </ClCompile>
    <ClCompile Include="..\..\..\game-engine\lib\slot-index.cpp">
      <Filter>Source Files\game-engine</Filter>
    </ClCompile>
  </ItemGroup>
  <ItemGroup>
    <ClInclude Include="..\..\..\game-ai\include\mcts.h">
      <Filter>Header Files\game-ai</Filter>
    </ClInclude>
    <ClInclude Include="..\..\..\game-ai\include\tree.h">
      <Filter>Header Files\game-ai</Filter>
    </ClInclude>
    <ClInclude Include="..\..\..\include\game-engine\board.h">
      <Filter>Header Files\game-engine</Filter>
    </ClInclude>
    <ClInclude Include="..\..\..\include\game-engine\card.h">
      <Filter>Header Files\game-engine</Filter>
    </ClInclude>
    <ClInclude Include="..\..\..\include\game-engine\card-database.h">
      <Filter>Header Files\game-engine</Filter>
    </ClInclude>
    <ClInclude Include="..\..\..\include\game-engine\card-id-map.h">
      <Filter>Header Files\game-engine</Filter>
    </ClInclude>
    <ClInclude Include="..\..\..\include\game-engine\common.h">
      <Filter>Header Files\game-engine</Filter>
    </ClInclude>
    <ClInclude Include="..\..\..\include\game-engine\deck.h">
      <Filter>Header Files\game-engine</Filter>
    </ClInclude>
    <ClInclude Include="..\..\..\include\game-engine\hand.h">
      <Filter>Header Files\game-engine</Filter>
    </ClInclude>
    <ClInclude Include="..\..\..\include\game-engine\hidden-secrets.h">
      <Filter>Header Files\game-engine</Filter>
    </ClInclude>
    <ClInclude Include="..\..\..\include\game-engine\move.h">
      <Filter>Header Files\game-engine</Filter>
    </ClInclude>
    <ClInclude Include="..\..\..\include\game-engine\next-move-getter.h">
      <Filter>Header Files\game-engine</Filter>
    </ClInclude>
    <ClInclude Include="..\..\..\include\game-engine\opponent-cards.h">
      <Filter>Header Files\game-engine</Filter>
    </ClInclude>
    <ClInclude Include="..\..\..\include\game-engine\player-stat.h">
      <Filter>Header Files\game-engine</Filter>
    </ClInclude>
    <ClInclude Include="..\..\..\include\game-engine\random-generator.h">
      <Filter>Header Files\game-engine</Filter>
    </ClInclude>
    <ClInclude Include="..\..\..\include\game-engine\secret.h">
      <Filter>Header Files\game-engine</Filter>
    </ClInclude>
    <ClInclude Include="..\..\..\include\game-engine\secrets.h">
      <Filter>Header Files\game-engine</Filter>
    </ClInclude>
    <ClInclude Include="..\..\..\include\game-engine\stage.h">
      <Filter>Header Files\game-engine</Filter>
    </ClInclude>
    <ClInclude Include="..\..\..\include\game-engine\stages\common.h">
      <Filter>Header Files\game-engine\stages</Filter>
    </ClInclude>
    <ClInclude Include="..\..\..\include\game-engine\stages\helper.h">
      <Filter>Header Files\game-engine\stages</Filter>
    </ClInclude>
    <ClInclude Include="..\..\..\include\game-engine\stages\opponent-attack.h">
      <Filter>Header Files\game-engine\stages</Filter>
    </ClInclude>
    <ClInclude Include="..\..\..\include\game-engine\stages\opponent-choose-board-move.h">
      <Filter>Header Files\game-engine\stages</Filter>
    </ClInclude>
    <ClInclude Include="..\..\..\include\game-engine\stages\opponent-put-minion.h">
      <Filter>Header Files\game-engine\stages</Filter>
    </ClInclude>
    <ClInclude Include="..\..\..\include\game-engine\stages\opponent-turn-end.h">
      <Filter>Header Files\game-engine\stages</Filter>
    </ClInclude>
    <ClInclude Include="..\..\..\include\game-engine\stages\opponent-turn-start.h">
      <Filter>Header Files\game-engine\stages</Filter>
    </ClInclude>
    <ClInclude Include="..\..\..\include\game-engine\stages\player-attack.h">
      <Filter>Header Files\game-engine\stages</Filter>
    </ClInclude>
    <ClInclude Include="..\..\..\include\game-engine\stages\player-choose-board-move.h">
      <Filter>Header Files\game-engine\stages</Filter>
    </ClInclude>
    <ClInclude Include="..\..\..\include\game-engine\stages\player-put-minion.h">
      <Filter>Header Files\game-engine\stages</Filter>
    </ClInclude>
    <ClInclude Include="..\..\..\include\game-engine\stages\player-turn-end.h">
      <Filter>Header Files\game-engine\stages</Filter>
    </ClInclude>
    <ClInclude Include="..\..\..\include\game-engine\stages\player-turn-start.h">
      <Filter>Header Files\game-engine\stages</Filter>
    </ClInclude>
    <ClInclude Include="..\..\..\include\game-engine\stages\weighted-moves.h">
      <Filter>Header Files\game-engine\stages</Filter>
    </ClInclude>
    <ClInclude Include="..\..\..\include\game-engine\cards\card_CS2_188.h">
      <Filter>Header Files\game-engine\cards</Filter>
    </ClInclude>
    <ClInclude Include="..\..\..\include\game-engine\cards\card_CS2_189.h">
      <Filter>Header Files\game-engine\cards</Filter>
    </ClInclude>
    <ClInclude Include="..\..\..\include\game-engine\cards\card_FP1_007.h">
      <Filter>Header Files\game-engine\cards</Filter>
    </ClInclude>
    <ClInclude Include="..\..\..\include\game-engine\cards\common.h">
      <Filter>Header Files\game-engine\cards</Filter>
    </ClInclude>
    <ClInclude Include="..\..\..\include\game-engine\cards\card_FP1_002.h">
      <Filter>Header Files\game-engine\cards</Filter>
    </ClInclude>
    <ClInclude Include="..\..\..\include\game-engine\board-objects\minion.h">
      <Filter>Header Files\game-engine\board-objects</Filter>
    </ClInclude>
    <ClInclude Include="..\..\..\include\game-engine\board-objects\object-manager.h">
      <Filter>Header Files\game-engine\board-objects</Filter>
    </ClInclude>
    <ClInclude Include="..\..\..\include\game-engine\board-objects\object-base.h">
      <Filter>Header Files\game-engine\board-objects</Filter>
    </ClInclude>
    <ClInclude Include="..\..\..\include\game-engine\slot-index.h">
      <Filter>Header Files\game-engine</Filter>
    </ClInclude>
    <ClInclude Include="..\..\..\include\game-engine\board-objects\hero.h">
      <Filter>Header Files\game-engine\board-objects</Filter>
    </ClInclude>
    <ClInclude Include="..\..\..\include\game-engine\board-objects\hero-power.h">
      <Filter>Header Files\game-engine\board-objects</Filter>
    </ClInclude>
    <ClInclude Include="..\..\..\include\game-engine\board-objects\weapon.h">
      <Filter>Header Files\game-engine\board-objects</Filter>
    </ClInclude>
    <ClInclude Include="..\..\..\include\game-engine\cards\card_EX1_029.h">
      <Filter>Header Files\game-engine\cards</Filter>
    </ClInclude>
  </ItemGroup>
</Project>