<?xml version="1.0" encoding="utf-8"?>
<Project ToolsVersion="4.0" xmlns="http://schemas.microsoft.com/developer/msbuild/2003">
  <ItemGroup>
    <Filter Include="Source Files">
      <UniqueIdentifier>{4FC737F1-C7A5-4376-A066-2A32D752A2FF}</UniqueIdentifier>
      <Extensions>cpp;c;cc;cxx;def;odl;idl;hpj;bat;asm;asmx</Extensions>
    </Filter>
    <Filter Include="Header Files">
      <UniqueIdentifier>{93995380-89BD-4b04-88EB-625FBE52EBFB}</UniqueIdentifier>
      <Extensions>h;hh;hpp;hxx;hm;inl;inc;xsd</Extensions>
    </Filter>
    <Filter Include="Resource Files">
      <UniqueIdentifier>{67DA6AB6-F800-4c08-8B7A-83BB121AAD01}</UniqueIdentifier>
      <Extensions>rc;ico;cur;bmp;dlg;rc2;rct;bin;rgs;gif;jpg;jpeg;jpe;resx;tiff;tif;png;wav;mfcribbon-ms</Extensions>
    </Filter>
    <Filter Include="Header Files\StaticEventManager">
      <UniqueIdentifier>{347c8e40-44c4-4727-96de-7fe240a3de50}</UniqueIdentifier>
    </Filter>
    <Filter Include="Header Files\StaticEventManager\Events">
      <UniqueIdentifier>{ef000899-5dbc-483f-9539-8a11f6444d98}</UniqueIdentifier>
    </Filter>
  </ItemGroup>
  <ItemGroup>
    <ClCompile Include="Source.cpp">
      <Filter>Source Files</Filter>
    </ClCompile>
  </ItemGroup>
  <ItemGroup>
    <ClInclude Include="..\..\include\StaticEventManager\Manager.h">
      <Filter>Header Files\StaticEventManager</Filter>
    </ClInclude>
    <ClInclude Include="..\..\include\StaticEventManager\Triggerer.h">
      <Filter>Header Files\StaticEventManager</Filter>
    </ClInclude>
    <ClInclude Include="..\..\include\StaticEventManager\Events\GameStart.h">
      <Filter>Header Files\StaticEventManager\Events</Filter>
    </ClInclude>
  </ItemGroup>
</Project>