<?xml version="1.0" encoding="utf-8"?>
<Project ToolsVersion="4.0" xmlns="http://schemas.microsoft.com/developer/msbuild/2003">
  <ItemGroup>
    <Filter Include="Source Files">
      <UniqueIdentifier>{4FC737F1-C7A5-4376-A066-2A32D752A2FF}</UniqueIdentifier>
      <Extensions>cpp;c;cc;cxx;def;odl;idl;hpj;bat;asm;asmx</Extensions>
    </Filter>
    <Filter Include="Header Files">
      <UniqueIdentifier>{93995380-89BD-4b04-88EB-625FBE52EBFB}</UniqueIdentifier>
      <Extensions>h;hpp;hxx;hm;inl;inc;xsd</Extensions>
    </Filter>
    <Filter Include="Resource Files">
      <UniqueIdentifier>{67DA6AB6-F800-4c08-8B7A-83BB121AAD01}</UniqueIdentifier>
      <Extensions>rc;ico;cur;bmp;dlg;rc2;rct;bin;rgs;gif;jpg;jpeg;jpe;resx;tiff;tif;png;wav;mfcribbon-ms</Extensions>
    </Filter>
    <Filter Include="Source Files\game-ai">
      <UniqueIdentifier>{534157e3-e460-4f7a-b6d3-15a3c97895b8}</UniqueIdentifier>
    </Filter>
    <Filter Include="Source Files\game-engine">
      <UniqueIdentifier>{76ab9bee-39f7-4323-8abb-18eb7f7216e7}</UniqueIdentifier>
    </Filter>
    <Filter Include="Header Files\game-ai">
      <UniqueIdentifier>{fe25da21-6a3c-437a-9f9d-243c8cfb606e}</UniqueIdentifier>
    </Filter>
    <Filter Include="Header Files\game-engine">
      <UniqueIdentifier>{4b4492a5-687e-4dcd-aeb8-aeaef5a99e07}</UniqueIdentifier>
    </Filter>
    <Filter Include="Source Files\libjson">
      <UniqueIdentifier>{a9af3935-0e4a-4bf0-bf52-aec2b9b50adf}</UniqueIdentifier>
    </Filter>
    <Filter Include="Source Files\game-engine\stages">
      <UniqueIdentifier>{b78ff45a-1056-4977-84ef-fa72d64e1cb6}</UniqueIdentifier>
    </Filter>
    <Filter Include="Source Files\game-engine\cards">
      <UniqueIdentifier>{b4000ea3-6cd7-47bf-b4bb-3a00e4525f09}</UniqueIdentifier>
    </Filter>
  </ItemGroup>
  <ItemGroup>
    <ClCompile Include="main.cpp">
      <Filter>Source Files</Filter>
    </ClCompile>
    <ClCompile Include="..\..\..\game-ai\lib\mcts.cpp">
      <Filter>Source Files\game-ai</Filter>
    </ClCompile>
    <ClCompile Include="..\..\..\game-engine\lib\board.cpp">
      <Filter>Source Files\game-engine</Filter>
    </ClCompile>
    <ClCompile Include="..\..\..\game-engine\lib\move.cpp">
      <Filter>Source Files\game-engine</Filter>
    </ClCompile>
    <ClCompile Include="..\..\..\game-ai\lib\task.cpp">
      <Filter>Source Files\game-ai</Filter>
    </ClCompile>
    <ClCompile Include="..\..\..\game-ai\lib\decider.cpp">
      <Filter>Source Files\game-ai</Filter>
    </ClCompile>
    <ClCompile Include="..\..\..\game-ai\lib\board-node-map.cpp">
      <Filter>Source Files\game-ai</Filter>
    </ClCompile>
    <ClCompile Include="..\..\..\game-engine\lib\card-database.cpp">
      <Filter>Source Files\game-engine</Filter>
    </ClCompile>
    <ClCompile Include="..\..\..\contrib\lib_json\json_reader.cpp">
      <Filter>Source Files\libjson</Filter>
    </ClCompile>
    <ClCompile Include="..\..\..\contrib\lib_json\json_value.cpp">
      <Filter>Source Files\libjson</Filter>
    </ClCompile>
    <ClCompile Include="..\..\..\contrib\lib_json\json_writer.cpp">
      <Filter>Source Files\libjson</Filter>
    </ClCompile>
  </ItemGroup>
  <ItemGroup>
    <ClInclude Include="..\..\..\game-ai\include\mcts.h">
      <Filter>Header Files\game-ai</Filter>
    </ClInclude>
    <ClInclude Include="..\..\..\game-ai\include\tree.h">
      <Filter>Header Files\game-ai</Filter>
    </ClInclude>
    <ClInclude Include="..\..\..\game-ai\include\task.h">
      <Filter>Header Files\game-ai</Filter>
    </ClInclude>
    <ClInclude Include="..\..\..\game-ai\include\decider.h">
      <Filter>Header Files\game-ai</Filter>
    </ClInclude>
    <ClInclude Include="..\..\..\game-ai\include\board-node-map.h">
      <Filter>Header Files\game-ai</Filter>
    </ClInclude>
    <ClInclude Include="..\..\..\include\game-engine\board.h">
      <Filter>Header Files\game-engine</Filter>
    </ClInclude>
    <ClInclude Include="..\..\..\include\game-engine\card.h">
      <Filter>Header Files\game-engine</Filter>
    </ClInclude>
    <ClInclude Include="..\..\..\include\game-engine\card-database.h">
      <Filter>Header Files\game-engine</Filter>
    </ClInclude>
    <ClInclude Include="..\..\..\include\game-engine\card-id-map.h">
      <Filter>Header Files\game-engine</Filter>
    </ClInclude>
    <ClInclude Include="..\..\..\include\game-engine\common.h">
      <Filter>Header Files\game-engine</Filter>
    </ClInclude>
    <ClInclude Include="..\..\..\include\game-engine\deck.h">
      <Filter>Header Files\game-engine</Filter>
    </ClInclude>
    <ClInclude Include="..\..\..\include\game-engine\hand.h">
      <Filter>Header Files\game-engine</Filter>
    </ClInclude>
    <ClInclude Include="..\..\..\include\game-engine\hero-power.h">
      <Filter>Header Files\game-engine</Filter>
    </ClInclude>
    <ClInclude Include="..\..\..\include\game-engine\hidden-secrets.h">
      <Filter>Header Files\game-engine</Filter>
    </ClInclude>
    <ClInclude Include="..\..\..\include\game-engine\minion.h">
      <Filter>Header Files\game-engine</Filter>
    </ClInclude>
    <ClInclude Include="..\..\..\include\game-engine\minions.h">
      <Filter>Header Files\game-engine</Filter>
    </ClInclude>
    <ClInclude Include="..\..\..\include\game-engine\move.h">
      <Filter>Header Files\game-engine</Filter>
    </ClInclude>
    <ClInclude Include="..\..\..\include\game-engine\opponent-cards.h">
      <Filter>Header Files\game-engine</Filter>
    </ClInclude>
    <ClInclude Include="..\..\..\include\game-engine\player-stat.h">
      <Filter>Header Files\game-engine</Filter>
    </ClInclude>
    <ClInclude Include="..\..\..\include\game-engine\random-generator.h">
      <Filter>Header Files\game-engine</Filter>
    </ClInclude>
    <ClInclude Include="..\..\..\include\game-engine\secret.h">
      <Filter>Header Files\game-engine</Filter>
    </ClInclude>
    <ClInclude Include="..\..\..\include\game-engine\secrets.h">
      <Filter>Header Files\game-engine</Filter>
    </ClInclude>
    <ClInclude Include="..\..\..\include\game-engine\stage.h">
      <Filter>Header Files\game-engine</Filter>
    </ClInclude>
    <ClInclude Include="..\..\..\include\game-engine\weapon.h">
      <Filter>Header Files\game-engine</Filter>
    </ClInclude>
    <ClInclude Include="..\..\..\game-engine\lib\stages\common.h">
      <Filter>Source Files\game-engine\stages</Filter>
    </ClInclude>
    <ClInclude Include="..\..\..\game-engine\lib\stages\helper.h">
      <Filter>Source Files\game-engine\stages</Filter>
    </ClInclude>
    <ClInclude Include="..\..\..\game-engine\lib\stages\opponent-attack.h">
      <Filter>Source Files\game-engine\stages</Filter>
    </ClInclude>
    <ClInclude Include="..\..\..\game-engine\lib\stages\opponent-choose-board-move.h">
      <Filter>Source Files\game-engine\stages</Filter>
    </ClInclude>
    <ClInclude Include="..\..\..\game-engine\lib\stages\opponent-put-minion.h">
      <Filter>Source Files\game-engine\stages</Filter>
    </ClInclude>
    <ClInclude Include="..\..\..\game-engine\lib\stages\opponent-turn-end.h">
      <Filter>Source Files\game-engine\stages</Filter>
    </ClInclude>
    <ClInclude Include="..\..\..\game-engine\lib\stages\opponent-turn-start.h">
      <Filter>Source Files\game-engine\stages</Filter>
    </ClInclude>
    <ClInclude Include="..\..\..\game-engine\lib\stages\player-attack.h">
      <Filter>Source Files\game-engine\stages</Filter>
    </ClInclude>
    <ClInclude Include="..\..\..\game-engine\lib\stages\player-choose-board-move.h">
      <Filter>Source Files\game-engine\stages</Filter>
    </ClInclude>
    <ClInclude Include="..\..\..\game-engine\lib\stages\player-put-minion.h">
      <Filter>Source Files\game-engine\stages</Filter>
    </ClInclude>
    <ClInclude Include="..\..\..\game-engine\lib\stages\player-turn-end.h">
      <Filter>Source Files\game-engine\stages</Filter>
    </ClInclude>
    <ClInclude Include="..\..\..\game-engine\lib\stages\player-turn-start.h">
      <Filter>Source Files\game-engine\stages</Filter>
    </ClInclude>
    <ClInclude Include="..\..\..\game-engine\lib\stages\weighted-moves.h">
      <Filter>Source Files\game-engine\stages</Filter>
    </ClInclude>
    <ClInclude Include="..\..\..\game-engine\lib\cards\common.h">
      <Filter>Source Files\game-engine\cards</Filter>
    </ClInclude>
    <ClInclude Include="..\..\..\game-engine\lib\cards\card_CS2_189.h">
      <Filter>Source Files\game-engine\cards</Filter>
    </ClInclude>
  </ItemGroup>
</Project>