<?xml version="1.0" encoding="utf-8"?>
<Project ToolsVersion="4.0" xmlns="http://schemas.microsoft.com/developer/msbuild/2003">
  <ItemGroup>
    <Filter Include="Source Files">
      <UniqueIdentifier>{4FC737F1-C7A5-4376-A066-2A32D752A2FF}</UniqueIdentifier>
      <Extensions>cpp;c;cc;cxx;def;odl;idl;hpj;bat;asm;asmx</Extensions>
    </Filter>
    <Filter Include="Header Files">
      <UniqueIdentifier>{93995380-89BD-4b04-88EB-625FBE52EBFB}</UniqueIdentifier>
      <Extensions>h;hpp;hxx;hm;inl;inc;xsd</Extensions>
    </Filter>
    <Filter Include="Resource Files">
      <UniqueIdentifier>{67DA6AB6-F800-4c08-8B7A-83BB121AAD01}</UniqueIdentifier>
      <Extensions>rc;ico;cur;bmp;dlg;rc2;rct;bin;rgs;gif;jpg;jpeg;jpe;resx;tiff;tif;png;wav;mfcribbon-ms</Extensions>
    </Filter>
    <Filter Include="Header Files\game-ai">
      <UniqueIdentifier>{fe25da21-6a3c-437a-9f9d-243c8cfb606e}</UniqueIdentifier>
    </Filter>
    <Filter Include="Header Files\game-engine">
      <UniqueIdentifier>{4b4492a5-687e-4dcd-aeb8-aeaef5a99e07}</UniqueIdentifier>
    </Filter>
    <Filter Include="Source Files\libjson">
      <UniqueIdentifier>{a9af3935-0e4a-4bf0-bf52-aec2b9b50adf}</UniqueIdentifier>
    </Filter>
    <Filter Include="Header Files\game-engine\cards">
      <UniqueIdentifier>{8874ceb8-7444-4ed7-b98c-756cbbe400a8}</UniqueIdentifier>
    </Filter>
    <Filter Include="Header Files\game-engine\stages">
      <UniqueIdentifier>{4af59b99-7273-46d6-bfa9-0f27ab7679c6}</UniqueIdentifier>
    </Filter>
    <Filter Include="Header Files\game-engine\board-objects">
      <UniqueIdentifier>{433f4e36-c874-4d5f-9d0c-27ed8e00f529}</UniqueIdentifier>
    </Filter>
    <Filter Include="Header Files\game-engine\enchantments">
      <UniqueIdentifier>{848fc1f1-4900-4d86-80e2-2e37d9ccb78c}</UniqueIdentifier>
    </Filter>
    <Filter Include="Header Files\game-engine\enchantments\impl">
      <UniqueIdentifier>{00dcc16c-3074-4ebe-8c8b-84087ba2fb62}</UniqueIdentifier>
    </Filter>
    <Filter Include="Header Files\game-engine\managed-list">
      <UniqueIdentifier>{25da454d-b808-41e4-963b-f3eedbcce468}</UniqueIdentifier>
    </Filter>
    <Filter Include="Header Files\game-engine\hook">
      <UniqueIdentifier>{ccd364cb-eec5-4606-83a5-73ab506e3534}</UniqueIdentifier>
    </Filter>
  </ItemGroup>
  <ItemGroup>
    <ClCompile Include="main.cpp">
      <Filter>Source Files</Filter>
    </ClCompile>
    <ClCompile Include="..\..\..\contrib\lib_json\json_reader.cpp">
      <Filter>Source Files\libjson</Filter>
    </ClCompile>
    <ClCompile Include="..\..\..\contrib\lib_json\json_value.cpp">
      <Filter>Source Files\libjson</Filter>
    </ClCompile>
    <ClCompile Include="..\..\..\contrib\lib_json\json_writer.cpp">
      <Filter>Source Files\libjson</Filter>
    </ClCompile>
  </ItemGroup>
  <ItemGroup>
    <ClInclude Include="..\..\..\include\game-engine\board.h">
      <Filter>Header Files\game-engine</Filter>
    </ClInclude>
    <ClInclude Include="..\..\..\include\game-engine\card.h">
      <Filter>Header Files\game-engine</Filter>
    </ClInclude>
    <ClInclude Include="..\..\..\include\game-engine\card-database.h">
      <Filter>Header Files\game-engine</Filter>
    </ClInclude>
    <ClInclude Include="..\..\..\include\game-engine\card-id-map.h">
      <Filter>Header Files\game-engine</Filter>
    </ClInclude>
    <ClInclude Include="..\..\..\include\game-engine\common.h">
      <Filter>Header Files\game-engine</Filter>
    </ClInclude>
    <ClInclude Include="..\..\..\include\game-engine\hand.h">
      <Filter>Header Files\game-engine</Filter>
    </ClInclude>
    <ClInclude Include="..\..\..\include\game-engine\move.h">
      <Filter>Header Files\game-engine</Filter>
    </ClInclude>
    <ClInclude Include="..\..\..\include\game-engine\player-stat.h">
      <Filter>Header Files\game-engine</Filter>
    </ClInclude>
    <ClInclude Include="..\..\..\include\game-engine\random-generator.h">
      <Filter>Header Files\game-engine</Filter>
    </ClInclude>
    <ClInclude Include="..\..\..\include\game-engine\secret.h">
      <Filter>Header Files\game-engine</Filter>
    </ClInclude>
    <ClInclude Include="..\..\..\include\game-engine\secrets.h">
      <Filter>Header Files\game-engine</Filter>
    </ClInclude>
    <ClInclude Include="..\..\..\include\game-engine\stage.h">
      <Filter>Header Files\game-engine</Filter>
    </ClInclude>
    <ClInclude Include="..\..\..\include\game-engine\next-move-getter.h">
      <Filter>Header Files\game-engine</Filter>
    </ClInclude>
    <ClInclude Include="..\..\..\include\game-engine\cards\card_CS2_189.h">
      <Filter>Header Files\game-engine\cards</Filter>
    </ClInclude>
    <ClInclude Include="..\..\..\include\game-engine\cards\common.h">
      <Filter>Header Files\game-engine\cards</Filter>
    </ClInclude>
    <ClInclude Include="..\..\..\include\game-engine\stages\common.h">
      <Filter>Header Files\game-engine\stages</Filter>
    </ClInclude>
    <ClInclude Include="..\..\..\include\game-engine\stages\helper.h">
      <Filter>Header Files\game-engine\stages</Filter>
    </ClInclude>
    <ClInclude Include="..\..\..\include\game-engine\stages\opponent-attack.h">
      <Filter>Header Files\game-engine\stages</Filter>
    </ClInclude>
    <ClInclude Include="..\..\..\include\game-engine\stages\opponent-choose-board-move.h">
      <Filter>Header Files\game-engine\stages</Filter>
    </ClInclude>
    <ClInclude Include="..\..\..\include\game-engine\stages\opponent-put-minion.h">
      <Filter>Header Files\game-engine\stages</Filter>
    </ClInclude>
    <ClInclude Include="..\..\..\include\game-engine\stages\opponent-turn-end.h">
      <Filter>Header Files\game-engine\stages</Filter>
    </ClInclude>
    <ClInclude Include="..\..\..\include\game-engine\stages\opponent-turn-start.h">
      <Filter>Header Files\game-engine\stages</Filter>
    </ClInclude>
    <ClInclude Include="..\..\..\include\game-engine\stages\player-attack.h">
      <Filter>Header Files\game-engine\stages</Filter>
    </ClInclude>
    <ClInclude Include="..\..\..\include\game-engine\stages\player-choose-board-move.h">
      <Filter>Header Files\game-engine\stages</Filter>
    </ClInclude>
    <ClInclude Include="..\..\..\include\game-engine\stages\player-put-minion.h">
      <Filter>Header Files\game-engine\stages</Filter>
    </ClInclude>
    <ClInclude Include="..\..\..\include\game-engine\stages\player-turn-end.h">
      <Filter>Header Files\game-engine\stages</Filter>
    </ClInclude>
    <ClInclude Include="..\..\..\include\game-engine\stages\player-turn-start.h">
      <Filter>Header Files\game-engine\stages</Filter>
    </ClInclude>
    <ClInclude Include="..\..\..\include\game-engine\stages\weighted-moves.h">
      <Filter>Header Files\game-engine\stages</Filter>
    </ClInclude>
    <ClInclude Include="..\..\..\include\game-engine\cards\card_CS2_188.h">
      <Filter>Header Files\game-engine\cards</Filter>
    </ClInclude>
    <ClInclude Include="..\..\..\include\game-engine\cards\card_FP1_007.h">
      <Filter>Header Files\game-engine\cards</Filter>
    </ClInclude>
    <ClInclude Include="..\..\..\include\game-engine\slot-index.h">
      <Filter>Header Files\game-engine</Filter>
    </ClInclude>
    <ClInclude Include="..\..\..\include\game-engine\board-objects\hero.h">
      <Filter>Header Files\game-engine\board-objects</Filter>
    </ClInclude>
    <ClInclude Include="..\..\..\include\game-engine\board-objects\hero-power.h">
      <Filter>Header Files\game-engine\board-objects</Filter>
    </ClInclude>
    <ClInclude Include="..\..\..\include\game-engine\board-objects\minion.h">
      <Filter>Header Files\game-engine\board-objects</Filter>
    </ClInclude>
    <ClInclude Include="..\..\..\include\game-engine\board-objects\minions.h">
      <Filter>Header Files\game-engine\board-objects</Filter>
    </ClInclude>
    <ClInclude Include="..\..\..\include\game-engine\board-objects\minion-stat.h">
      <Filter>Header Files\game-engine\board-objects</Filter>
    </ClInclude>
    <ClInclude Include="..\..\..\include\game-engine\board-objects\object-base.h">
      <Filter>Header Files\game-engine\board-objects</Filter>
    </ClInclude>
    <ClInclude Include="..\..\..\include\game-engine\board-objects\object-manager.h">
      <Filter>Header Files\game-engine\board-objects</Filter>
    </ClInclude>
    <ClInclude Include="..\..\..\include\game-engine\board-objects\weapon.h">
      <Filter>Header Files\game-engine\board-objects</Filter>
    </ClInclude>
    <ClInclude Include="..\..\..\include\game-engine\board-objects\hero-manipulator.h">
      <Filter>Header Files\game-engine\board-objects</Filter>
    </ClInclude>
    <ClInclude Include="..\..\..\include\game-engine\board-objects\minion-manipulator.h">
      <Filter>Header Files\game-engine\board-objects</Filter>
    </ClInclude>
    <ClInclude Include="..\..\..\include\game-engine\board-objects\minion-manipulator-impl.h">
      <Filter>Header Files\game-engine\board-objects</Filter>
    </ClInclude>
    <ClInclude Include="..\..\..\include\game-engine\board-objects\minion-iterator.h">
      <Filter>Header Files\game-engine\board-objects</Filter>
    </ClInclude>
    <ClInclude Include="..\..\..\include\game-engine\board-objects\minion-iterator-impl.h">
      <Filter>Header Files\game-engine\board-objects</Filter>
    </ClInclude>
    <ClInclude Include="..\..\..\include\game-engine\board-objects\minions-impl.h">
      <Filter>Header Files\game-engine\board-objects</Filter>
    </ClInclude>
    <ClInclude Include="..\..\..\include\game-engine\stages\helper-impl.h">
      <Filter>Header Files\game-engine\stages</Filter>
    </ClInclude>
    <ClInclude Include="..\..\..\include\game-engine\stages\opponent-equip-weapon.h">
      <Filter>Header Files\game-engine\stages</Filter>
    </ClInclude>
    <ClInclude Include="..\..\..\include\game-engine\stages\player-equip-weapon.h">
      <Filter>Header Files\game-engine\stages</Filter>
    </ClInclude>
    <ClInclude Include="..\..\..\include\game-ai\board-node-map.h">
      <Filter>Header Files\game-ai</Filter>
    </ClInclude>
    <ClInclude Include="..\..\..\include\game-ai\board-node-map-impl.h">
      <Filter>Header Files\game-ai</Filter>
    </ClInclude>
    <ClInclude Include="..\..\..\include\game-ai\decider.h">
      <Filter>Header Files\game-ai</Filter>
    </ClInclude>
    <ClInclude Include="..\..\..\include\game-ai\game-ai.h">
      <Filter>Header Files\game-ai</Filter>
    </ClInclude>
    <ClInclude Include="..\..\..\include\game-ai\mcts.h">
      <Filter>Header Files\game-ai</Filter>
    </ClInclude>
    <ClInclude Include="..\..\..\include\game-ai\start-board.h">
      <Filter>Header Files\game-ai</Filter>
    </ClInclude>
    <ClInclude Include="..\..\..\include\game-ai\start-board-impl.h">
      <Filter>Header Files\game-ai</Filter>
    </ClInclude>
    <ClInclude Include="..\..\..\include\game-ai\task.h">
      <Filter>Header Files\game-ai</Filter>
    </ClInclude>
    <ClInclude Include="..\..\..\include\game-ai\tree.h">
      <Filter>Header Files\game-ai</Filter>
    </ClInclude>
    <ClInclude Include="..\..\..\include\game-engine\hand-impl.h">
      <Filter>Header Files\game-engine</Filter>
    </ClInclude>
    <ClInclude Include="..\..\..\include\game-engine\board-impl.h">
      <Filter>Header Files\game-engine</Filter>
    </ClInclude>
    <ClInclude Include="..\..\..\include\game-engine\card-database-impl.h">
      <Filter>Header Files\game-engine</Filter>
    </ClInclude>
    <ClInclude Include="..\..\..\include\game-engine\game-engine.h">
      <Filter>Header Files\game-engine</Filter>
    </ClInclude>
    <ClInclude Include="..\..\..\include\game-engine\on-death-trigger.h">
      <Filter>Header Files\game-engine</Filter>
    </ClInclude>
    <ClInclude Include="..\..\..\include\game-engine\slot-index-impl.h">
      <Filter>Header Files\game-engine</Filter>
    </ClInclude>
    <ClInclude Include="..\..\..\include\game-engine\hand-card.h">
      <Filter>Header Files\game-engine</Filter>
    </ClInclude>
    <ClInclude Include="..\..\..\include\game-engine\next-move-getter-impl.h">
      <Filter>Header Files\game-engine</Filter>
    </ClInclude>
    <ClInclude Include="..\..\..\include\game-ai\traversed-path-recorder.h">
      <Filter>Header Files\game-ai</Filter>
    </ClInclude>
    <ClInclude Include="..\..\..\include\game-ai\traversed-path-recorder-impl.h">
      <Filter>Header Files\game-ai</Filter>
    </ClInclude>
    <ClInclude Include="..\..\..\include\game-ai\mcts-impl.h">
      <Filter>Header Files\game-ai</Filter>
    </ClInclude>
    <ClInclude Include="..\..\..\include\game-ai\task-impl.h">
      <Filter>Header Files\game-ai</Filter>
    </ClInclude>
    <ClInclude Include="..\..\..\include\game-ai\decider-impl.h">
      <Filter>Header Files\game-ai</Filter>
    </ClInclude>
    <ClInclude Include="..\..\..\include\game-engine\player.h">
      <Filter>Header Files\game-engine</Filter>
    </ClInclude>
    <ClInclude Include="..\..\..\include\game-engine\board-objects\object-manager-impl.h">
      <Filter>Header Files\game-engine\board-objects</Filter>
    </ClInclude>
    <ClInclude Include="..\..\..\include\game-engine\player-impl.h">
      <Filter>Header Files\game-engine</Filter>
    </ClInclude>
    <ClInclude Include="..\..\..\include\game-engine\hook-manager.h">
      <Filter>Header Files\game-engine</Filter>
    </ClInclude>
    <ClInclude Include="..\..\..\include\game-engine\hook-manager-impl.h">
      <Filter>Header Files\game-engine</Filter>
    </ClInclude>
    <ClInclude Include="..\..\..\include\game-engine\cards\card_BRM_019.h">
      <Filter>Header Files\game-engine\cards</Filter>
    </ClInclude>
    <ClInclude Include="..\..\..\include\game-engine\cards\card_CS2_222.h">
      <Filter>Header Files\game-engine\cards</Filter>
    </ClInclude>
    <ClInclude Include="..\..\..\include\game-engine\cards\card_EX1_029.h">
      <Filter>Header Files\game-engine\cards</Filter>
    </ClInclude>
    <ClInclude Include="..\..\..\include\game-engine\cards\card_EX1_390.h">
      <Filter>Header Files\game-engine\cards</Filter>
    </ClInclude>
    <ClInclude Include="..\..\..\include\game-engine\cards\card_EX1_412.h">
      <Filter>Header Files\game-engine\cards</Filter>
    </ClInclude>
    <ClInclude Include="..\..\..\include\game-engine\cards\card_FP1_002.h">
      <Filter>Header Files\game-engine\cards</Filter>
    </ClInclude>
    <ClInclude Include="..\..\..\include\game-engine\cards\card_FP1_021.h">
      <Filter>Header Files\game-engine\cards</Filter>
    </ClInclude>
    <ClInclude Include="..\..\..\include\game-engine\cards\card_GVG_043.h">
      <Filter>Header Files\game-engine\cards</Filter>
    </ClInclude>
    <ClInclude Include="..\..\..\include\game-engine\cards\card_GVG_051.h">
      <Filter>Header Files\game-engine\cards</Filter>
    </ClInclude>
    <ClInclude Include="..\..\..\include\game-engine\cards\card_GVG_059.h">
      <Filter>Header Files\game-engine\cards</Filter>
    </ClInclude>
    <ClInclude Include="..\..\..\include\game-engine\cards\card_GVG_112.h">
      <Filter>Header Files\game-engine\cards</Filter>
    </ClInclude>
    <ClInclude Include="..\..\..\include\game-engine\cards\card_NEW1_018.h">
      <Filter>Header Files\game-engine\cards</Filter>
    </ClInclude>
    <ClInclude Include="..\..\..\include\game-engine\cards\card-base.h">
      <Filter>Header Files\game-engine\cards</Filter>
    </ClInclude>
    <ClInclude Include="..\..\..\include\game-engine\cards\card_EX1_584.h">
      <Filter>Header Files\game-engine\cards</Filter>
    </ClInclude>
    <ClInclude Include="..\..\..\include\game-engine\enchantments\buff-minion.h">
      <Filter>Header Files\game-engine\enchantments</Filter>
    </ClInclude>
    <ClInclude Include="..\..\..\include\game-engine\enchantments\buff-minion-c.h">
      <Filter>Header Files\game-engine\enchantments</Filter>
    </ClInclude>
    <ClInclude Include="..\..\..\include\game-engine\enchantments\buff-minion-c-impl.h">
      <Filter>Header Files\game-engine\enchantments</Filter>
    </ClInclude>
    <ClInclude Include="..\..\..\include\game-engine\enchantments\buff-minion-impl.h">
      <Filter>Header Files\game-engine\enchantments</Filter>
    </ClInclude>
    <ClInclude Include="..\..\..\include\game-engine\enchantments\enchantment.h">
      <Filter>Header Files\game-engine\enchantments</Filter>
    </ClInclude>
    <ClInclude Include="..\..\..\include\game-engine\enchantments\enchantment-impl.h">
      <Filter>Header Files\game-engine\enchantments</Filter>
    </ClInclude>
    <ClInclude Include="..\..\..\include\game-engine\enchantments\enchantments.h">
      <Filter>Header Files\game-engine\enchantments</Filter>
    </ClInclude>
    <ClInclude Include="..\..\..\include\game-engine\enchantments\enchantments-impl.h">
      <Filter>Header Files\game-engine\enchantments</Filter>
    </ClInclude>
    <ClInclude Include="..\..\..\include\game-engine\enchantments\owner.h">
      <Filter>Header Files\game-engine\enchantments</Filter>
    </ClInclude>
    <ClInclude Include="..\..\..\include\game-engine\enchantments\owner-impl.h">
      <Filter>Header Files\game-engine\enchantments</Filter>
    </ClInclude>
    <ClInclude Include="..\..\..\include\game-engine\enchantments\impl\buff-minion.h">
      <Filter>Header Files\game-engine\enchantments\impl</Filter>
    </ClInclude>
    <ClInclude Include="..\..\..\include\game-engine\managed-list\list.h">
      <Filter>Header Files\game-engine\managed-list</Filter>
    </ClInclude>
    <ClInclude Include="..\..\..\include\game-engine\managed-list\list-item.h">
      <Filter>Header Files\game-engine\managed-list</Filter>
    </ClInclude>
    <ClInclude Include="..\..\..\include\game-engine\managed-list\list-item-impl.h">
      <Filter>Header Files\game-engine\managed-list</Filter>
    </ClInclude>
    <ClInclude Include="..\..\..\include\game-engine\enchantments\enchantments-item-type.h">
      <Filter>Header Files\game-engine\enchantments</Filter>
    </ClInclude>
    <ClInclude Include="..\..\..\include\game-engine\enchantments\managed-enchantment.h">
      <Filter>Header Files\game-engine\enchantments</Filter>
    </ClInclude>
    <ClInclude Include="..\..\..\include\game-engine\hook\listener.h">
      <Filter>Header Files\game-engine\hook</Filter>
    </ClInclude>
    <ClInclude Include="..\..\..\include\game-engine\hook\listeners.h">
      <Filter>Header Files\game-engine\hook</Filter>
    </ClInclude>
    <ClInclude Include="..\..\..\include\game-engine\hook\minion-aura.h">
      <Filter>Header Files\game-engine\hook</Filter>
    </ClInclude>
    <ClInclude Include="..\..\..\include\game-engine\hook\minion-auras.h">
      <Filter>Header Files\game-engine\hook</Filter>
    </ClInclude>
    <ClInclude Include="..\..\..\include\game-engine\hook\minion-aura-to-all-minions.h">
      <Filter>Header Files\game-engine\hook</Filter>
    </ClInclude>
    <ClInclude Include="..\..\..\include\game-engine\hook\minion-aura-enrage.h">
      <Filter>Header Files\game-engine\hook</Filter>
    </ClInclude>
    <ClInclude Include="..\..\..\include\game-engine\cards\card_LOE_051.h">
      <Filter>Header Files\game-engine\cards</Filter>
    </ClInclude>
    <ClInclude Include="..\..\..\include\game-engine\hook\minion-auras-impl.h">
      <Filter>Header Files\game-engine\hook</Filter>
    </ClInclude>
    <ClInclude Include="..\..\..\include\game-engine\enchantments\buff-player-c.h">
      <Filter>Header Files\game-engine\enchantments</Filter>
    </ClInclude>
    <ClInclude Include="..\..\..\include\game-engine\enchantments\buff-player-c-impl.h">
      <Filter>Header Files\game-engine\enchantments</Filter>
    </ClInclude>
    <ClInclude Include="..\..\..\include\game-engine\cards\card_CS2_025.h">
      <Filter>Header Files\game-engine\cards</Filter>
    </ClInclude>
    <ClInclude Include="..\..\..\include\game-engine\cards\card_AT_117.h">
      <Filter>Header Files\game-engine\cards</Filter>
    </ClInclude>
    <ClInclude Include="..\..\..\include\game-engine\cards\card_example_minion.h">
      <Filter>Header Files\game-engine\cards</Filter>
    </ClInclude>
    <ClInclude Include="..\..\..\include\game-engine\cards\card_example_weapon.h">
      <Filter>Header Files\game-engine\cards</Filter>
    </ClInclude>
    <ClInclude Include="..\..\..\include\game-engine\stages\player-play-spell.h">
      <Filter>Header Files\game-engine\stages</Filter>
    </ClInclude>
    <ClInclude Include="..\..\..\include\game-engine\stages\opponent-play-spell.h">
      <Filter>Header Files\game-engine\stages</Filter>
    </ClInclude>
    <ClInclude Include="..\..\..\include\game-engine\cards\card_example_spell.h">
      <Filter>Header Files\game-engine\cards</Filter>
    </ClInclude>
    <ClInclude Include="..\..\..\include\game-engine\cards\card_CS2_023.h">
      <Filter>Header Files\game-engine\cards</Filter>
    </ClInclude>
    <ClInclude Include="..\..\..\include\game-engine\stages\helper-targets.h">
      <Filter>Header Files\game-engine\stages</Filter>
    </ClInclude>
    <ClInclude Include="..\..\..\include\game-engine\board-objects\board-object.h">
      <Filter>Header Files\game-engine\board-objects</Filter>
    </ClInclude>
    <ClInclude Include="..\..\..\include\game-engine\stages\helper-targets-impl.h">
      <Filter>Header Files\game-engine\stages</Filter>
    </ClInclude>
    <ClInclude Include="..\..\..\include\game-engine\cards\card_EX1_277.h">
      <Filter>Header Files\game-engine\cards</Filter>
    </ClInclude>
    <ClInclude Include="..\..\..\include\game-engine\cards\card_CS2_029.h">
      <Filter>Header Files\game-engine\cards</Filter>
    </ClInclude>
    <ClInclude Include="..\..\..\include\game-engine\cards\card_EX1_593.h">
      <Filter>Header Files\game-engine\cards</Filter>
    </ClInclude>
    <ClInclude Include="..\..\..\include\game-engine\cards\card_EX1_015.h">
      <Filter>Header Files\game-engine\cards</Filter>
    </ClInclude>
    <ClInclude Include="..\..\..\include\game-engine\cards\card_CS2_022.h">
      <Filter>Header Files\game-engine\cards</Filter>
    </ClInclude>
    <ClInclude Include="..\..\..\include\game-engine\cards\card_CS2_122.h">
      <Filter>Header Files\game-engine\cards</Filter>
    </ClInclude>
    <ClInclude Include="..\..\..\include\game-ai\turn.h">
      <Filter>Header Files\game-ai</Filter>
    </ClInclude>
    <ClInclude Include="..\..\..\include\game-ai\board-finder.h">
      <Filter>Header Files\game-ai</Filter>
    </ClInclude>
    <ClInclude Include="..\..\..\include\game-engine\board-objects\minion-data-impl.h">
      <Filter>Header Files\game-engine\board-objects</Filter>
    </ClInclude>
  </ItemGroup>
</Project>