<?xml version="1.0" encoding="utf-8"?>
<Project ToolsVersion="4.0" xmlns="http://schemas.microsoft.com/developer/msbuild/2003">
  <ItemGroup>
    <Filter Include="Source Files">
      <UniqueIdentifier>{4FC737F1-C7A5-4376-A066-2A32D752A2FF}</UniqueIdentifier>
      <Extensions>cpp;c;cc;cxx;def;odl;idl;hpj;bat;asm;asmx</Extensions>
    </Filter>
    <Filter Include="Header Files">
      <UniqueIdentifier>{93995380-89BD-4b04-88EB-625FBE52EBFB}</UniqueIdentifier>
      <Extensions>h;hh;hpp;hxx;hm;inl;inc;xsd</Extensions>
    </Filter>
    <Filter Include="Resource Files">
      <UniqueIdentifier>{67DA6AB6-F800-4c08-8B7A-83BB121AAD01}</UniqueIdentifier>
      <Extensions>rc;ico;cur;bmp;dlg;rc2;rct;bin;rgs;gif;jpg;jpeg;jpe;resx;tiff;tif;png;wav;mfcribbon-ms</Extensions>
    </Filter>
    <Filter Include="Header Files\EventManager">
      <UniqueIdentifier>{a31d05fd-60ed-4f92-b015-4e6e4b611771}</UniqueIdentifier>
    </Filter>
    <Filter Include="Header Files\EventManager\Handlers">
      <UniqueIdentifier>{dd5dde84-e9e6-4399-a429-c921fb58e48e}</UniqueIdentifier>
    </Filter>
    <Filter Include="Header Files\Enchantment">
      <UniqueIdentifier>{1f66bb95-46c8-4e57-9fcd-932a09e3150b}</UniqueIdentifier>
    </Filter>
    <Filter Include="Header Files\EventManager\impl">
      <UniqueIdentifier>{461a2477-e2be-4a10-9342-ca173d865c04}</UniqueIdentifier>
    </Filter>
  </ItemGroup>
  <ItemGroup>
    <ClInclude Include="..\include\EventManager\Handlers\MinionSummoned.h">
      <Filter>Header Files\EventManager\Handlers</Filter>
    </ClInclude>
    <ClInclude Include="..\include\EventManager\Handlers\MinionSummonedOnce.h">
      <Filter>Header Files\EventManager\Handlers</Filter>
    </ClInclude>
    <ClInclude Include="..\include\Enchantment\EnchantmentBase.h">
      <Filter>Header Files\Enchantment</Filter>
    </ClInclude>
    <ClInclude Include="..\include\EventManager\impl\CategorizedHandlersContainer.h">
      <Filter>Header Files\EventManager\impl</Filter>
    </ClInclude>
    <ClInclude Include="..\include\EventManager\impl\HandlersContainer.h">
      <Filter>Header Files\EventManager\impl</Filter>
    </ClInclude>
    <ClInclude Include="..\include\EventManager\HandlersContainerController.h">
      <Filter>Header Files\EventManager</Filter>
    </ClInclude>
    <ClInclude Include="..\include\EventManager\Event.h">
      <Filter>Header Files\EventManager</Filter>
    </ClInclude>
    <ClInclude Include="..\include\EventManager\HandlersManager.h">
      <Filter>Header Files\EventManager</Filter>
    </ClInclude>
  </ItemGroup>
  <ItemGroup>
    <ClCompile Include="Source.cpp">
      <Filter>Source Files</Filter>
    </ClCompile>
  </ItemGroup>
</Project>