
Microsoft Visual Studio Solution File, Format Version 12.00
# Visual Studio 15
VisualStudioVersion = 15.0.26608.5
MinimumVisualStudioVersion = 10.0.40219.1
Project("{8BC9CEB8-8B4A-11D0-8D11-00A0C91BC942}") = "cloneable_containers", "cloneable_containers\cloneable_containers.vcxproj", "{70CCD065-53F7-46E4-A3F6-0821F0A67F71}"
EndProject
Project("{8BC9CEB8-8B4A-11D0-8D11-00A0C91BC942}") = "StaticEventManager", "StaticEventManager\StaticEventManager.vcxproj", "{3E610196-663F-4512-9FC1-2DC1B15E1C86}"
EndProject
Project("{8BC9CEB8-8B4A-11D0-8D11-00A0C91BC942}") = "flow_controller", "flow_controller\flow_controller.vcxproj", "{D1D61963-B288-44D6-842D-C047046C9E28}"
EndProject
Project("{8BC9CEB8-8B4A-11D0-8D11-00A0C91BC942}") = "Bootstrap", "Bootstrap\Bootstrap.vcxproj", "{53F06091-DB1A-40EF-BC70-DF2913F07D08}"
EndProject
Project("{8BC9CEB8-8B4A-11D0-8D11-00A0C91BC942}") = "invokable_wrapper", "invokable_wrapper\invokable_wrapper.vcxproj", "{C12A2B7D-96EC-4C06-AF1C-522182AAF641}"
EndProject
Project("{8BC9CEB8-8B4A-11D0-8D11-00A0C91BC942}") = "Project1", "Project1\Project1.vcxproj", "{E237E489-F585-4B59-BF6D-CEE0B93B2DED}"
EndProject
Project("{8BC9CEB8-8B4A-11D0-8D11-00A0C91BC942}") = "GameEngineCppWrapper", "GameEngineCppWrapper\GameEngineCppWrapper.vcxproj", "{99A32839-8456-467D-AB8E-1788CBB42094}"
EndProject
Project("{8BC9CEB8-8B4A-11D0-8D11-00A0C91BC942}") = "GameEngineCppCLI", "GameEngineCppCLI\GameEngineCppCLI.vcxproj", "{91345FA5-5810-4103-B058-655A536B3E44}"
	ProjectSection(ProjectDependencies) = postProject
		{99A32839-8456-467D-AB8E-1788CBB42094} = {99A32839-8456-467D-AB8E-1788CBB42094}
	EndProjectSection
EndProject
Project("{FAE04EC0-301F-11D3-BF4B-00C04F79EFBC}") = "GameEngineUI", "GameEngineUI\GameEngineUI.csproj", "{EFB5DBFF-2482-4604-8F2F-C950AFDD33D7}"
	ProjectSection(ProjectDependencies) = postProject
		{91345FA5-5810-4103-B058-655A536B3E44} = {91345FA5-5810-4103-B058-655A536B3E44}
	EndProjectSection
EndProject
Project("{8BC9CEB8-8B4A-11D0-8D11-00A0C91BC942}") = "MCTS", "MCTS\MCTS.vcxproj", "{E0AE2428-4E2E-45B2-80A8-52555AFCB187}"
EndProject
Project("{8BC9CEB8-8B4A-11D0-8D11-00A0C91BC942}") = "tinydnn_test", "tinydnn_test\tinydnn_test.vcxproj", "{FCB7C9C4-7394-49AE-B664-6374DD56DA84}"
EndProject
Project("{8BC9CEB8-8B4A-11D0-8D11-00A0C91BC942}") = "TrainNeuralNetwork", "TrainNeuralNetwork\TrainNeuralNetwork.vcxproj", "{08FB5556-8B1B-4A9E-974D-AB66F4027093}"
EndProject
Global
	GlobalSection(SolutionConfigurationPlatforms) = preSolution
		Debug|x64 = Debug|x64
		Debug|x86 = Debug|x86
		Release|x64 = Release|x64
		Release|x86 = Release|x86
	EndGlobalSection
	GlobalSection(ProjectConfigurationPlatforms) = postSolution
		{70CCD065-53F7-46E4-A3F6-0821F0A67F71}.Debug|x64.ActiveCfg = Debug|x64
		{70CCD065-53F7-46E4-A3F6-0821F0A67F71}.Debug|x64.Build.0 = Debug|x64
		{70CCD065-53F7-46E4-A3F6-0821F0A67F71}.Debug|x86.ActiveCfg = Debug|Win32
		{70CCD065-53F7-46E4-A3F6-0821F0A67F71}.Debug|x86.Build.0 = Debug|Win32
		{70CCD065-53F7-46E4-A3F6-0821F0A67F71}.Release|x64.ActiveCfg = Release|x64
		{70CCD065-53F7-46E4-A3F6-0821F0A67F71}.Release|x64.Build.0 = Release|x64
		{70CCD065-53F7-46E4-A3F6-0821F0A67F71}.Release|x86.ActiveCfg = Release|Win32
		{70CCD065-53F7-46E4-A3F6-0821F0A67F71}.Release|x86.Build.0 = Release|Win32
		{3E610196-663F-4512-9FC1-2DC1B15E1C86}.Debug|x64.ActiveCfg = Debug|x64
		{3E610196-663F-4512-9FC1-2DC1B15E1C86}.Debug|x64.Build.0 = Debug|x64
		{3E610196-663F-4512-9FC1-2DC1B15E1C86}.Debug|x86.ActiveCfg = Debug|Win32
		{3E610196-663F-4512-9FC1-2DC1B15E1C86}.Debug|x86.Build.0 = Debug|Win32
		{3E610196-663F-4512-9FC1-2DC1B15E1C86}.Release|x64.ActiveCfg = Release|x64
		{3E610196-663F-4512-9FC1-2DC1B15E1C86}.Release|x64.Build.0 = Release|x64
		{3E610196-663F-4512-9FC1-2DC1B15E1C86}.Release|x86.ActiveCfg = Release|Win32
		{3E610196-663F-4512-9FC1-2DC1B15E1C86}.Release|x86.Build.0 = Release|Win32
		{D1D61963-B288-44D6-842D-C047046C9E28}.Debug|x64.ActiveCfg = Debug|x64
		{D1D61963-B288-44D6-842D-C047046C9E28}.Debug|x64.Build.0 = Debug|x64
		{D1D61963-B288-44D6-842D-C047046C9E28}.Debug|x86.ActiveCfg = Debug|Win32
		{D1D61963-B288-44D6-842D-C047046C9E28}.Debug|x86.Build.0 = Debug|Win32
		{D1D61963-B288-44D6-842D-C047046C9E28}.Release|x64.ActiveCfg = Release|x64
		{D1D61963-B288-44D6-842D-C047046C9E28}.Release|x64.Build.0 = Release|x64
		{D1D61963-B288-44D6-842D-C047046C9E28}.Release|x86.ActiveCfg = Release|Win32
		{D1D61963-B288-44D6-842D-C047046C9E28}.Release|x86.Build.0 = Release|Win32
		{53F06091-DB1A-40EF-BC70-DF2913F07D08}.Debug|x64.ActiveCfg = Debug|x64
		{53F06091-DB1A-40EF-BC70-DF2913F07D08}.Debug|x64.Build.0 = Debug|x64
		{53F06091-DB1A-40EF-BC70-DF2913F07D08}.Debug|x86.ActiveCfg = Debug|Win32
		{53F06091-DB1A-40EF-BC70-DF2913F07D08}.Debug|x86.Build.0 = Debug|Win32
		{53F06091-DB1A-40EF-BC70-DF2913F07D08}.Release|x64.ActiveCfg = Release|x64
		{53F06091-DB1A-40EF-BC70-DF2913F07D08}.Release|x64.Build.0 = Release|x64
		{53F06091-DB1A-40EF-BC70-DF2913F07D08}.Release|x86.ActiveCfg = Release|Win32
		{53F06091-DB1A-40EF-BC70-DF2913F07D08}.Release|x86.Build.0 = Release|Win32
		{C12A2B7D-96EC-4C06-AF1C-522182AAF641}.Debug|x64.ActiveCfg = Debug|x64
		{C12A2B7D-96EC-4C06-AF1C-522182AAF641}.Debug|x64.Build.0 = Debug|x64
		{C12A2B7D-96EC-4C06-AF1C-522182AAF641}.Debug|x86.ActiveCfg = Debug|Win32
		{C12A2B7D-96EC-4C06-AF1C-522182AAF641}.Debug|x86.Build.0 = Debug|Win32
		{C12A2B7D-96EC-4C06-AF1C-522182AAF641}.Release|x64.ActiveCfg = Release|x64
		{C12A2B7D-96EC-4C06-AF1C-522182AAF641}.Release|x64.Build.0 = Release|x64
		{C12A2B7D-96EC-4C06-AF1C-522182AAF641}.Release|x86.ActiveCfg = Release|Win32
		{C12A2B7D-96EC-4C06-AF1C-522182AAF641}.Release|x86.Build.0 = Release|Win32
		{E237E489-F585-4B59-BF6D-CEE0B93B2DED}.Debug|x64.ActiveCfg = Debug|x64
		{E237E489-F585-4B59-BF6D-CEE0B93B2DED}.Debug|x64.Build.0 = Debug|x64
		{E237E489-F585-4B59-BF6D-CEE0B93B2DED}.Debug|x86.ActiveCfg = Debug|Win32
		{E237E489-F585-4B59-BF6D-CEE0B93B2DED}.Debug|x86.Build.0 = Debug|Win32
		{E237E489-F585-4B59-BF6D-CEE0B93B2DED}.Release|x64.ActiveCfg = Release|x64
		{E237E489-F585-4B59-BF6D-CEE0B93B2DED}.Release|x64.Build.0 = Release|x64
		{E237E489-F585-4B59-BF6D-CEE0B93B2DED}.Release|x86.ActiveCfg = Release|Win32
		{E237E489-F585-4B59-BF6D-CEE0B93B2DED}.Release|x86.Build.0 = Release|Win32
		{99A32839-8456-467D-AB8E-1788CBB42094}.Debug|x64.ActiveCfg = Debug|x64
		{99A32839-8456-467D-AB8E-1788CBB42094}.Debug|x64.Build.0 = Debug|x64
		{99A32839-8456-467D-AB8E-1788CBB42094}.Debug|x86.ActiveCfg = Debug|Win32
		{99A32839-8456-467D-AB8E-1788CBB42094}.Debug|x86.Build.0 = Debug|Win32
		{99A32839-8456-467D-AB8E-1788CBB42094}.Release|x64.ActiveCfg = Release|x64
		{99A32839-8456-467D-AB8E-1788CBB42094}.Release|x64.Build.0 = Release|x64
		{99A32839-8456-467D-AB8E-1788CBB42094}.Release|x86.ActiveCfg = Release|Win32
		{99A32839-8456-467D-AB8E-1788CBB42094}.Release|x86.Build.0 = Release|Win32
		{91345FA5-5810-4103-B058-655A536B3E44}.Debug|x64.ActiveCfg = Debug|x64
		{91345FA5-5810-4103-B058-655A536B3E44}.Debug|x64.Build.0 = Debug|x64
		{91345FA5-5810-4103-B058-655A536B3E44}.Debug|x86.ActiveCfg = Debug|Win32
		{91345FA5-5810-4103-B058-655A536B3E44}.Debug|x86.Build.0 = Debug|Win32
		{91345FA5-5810-4103-B058-655A536B3E44}.Release|x64.ActiveCfg = Release|x64
		{91345FA5-5810-4103-B058-655A536B3E44}.Release|x64.Build.0 = Release|x64
		{91345FA5-5810-4103-B058-655A536B3E44}.Release|x86.ActiveCfg = Release|Win32
		{91345FA5-5810-4103-B058-655A536B3E44}.Release|x86.Build.0 = Release|Win32
		{EFB5DBFF-2482-4604-8F2F-C950AFDD33D7}.Debug|x64.ActiveCfg = Debug|x64
		{EFB5DBFF-2482-4604-8F2F-C950AFDD33D7}.Debug|x64.Build.0 = Debug|x64
		{EFB5DBFF-2482-4604-8F2F-C950AFDD33D7}.Debug|x86.ActiveCfg = Debug|x86
		{EFB5DBFF-2482-4604-8F2F-C950AFDD33D7}.Debug|x86.Build.0 = Debug|x86
		{EFB5DBFF-2482-4604-8F2F-C950AFDD33D7}.Release|x64.ActiveCfg = Release|x64
		{EFB5DBFF-2482-4604-8F2F-C950AFDD33D7}.Release|x64.Build.0 = Release|x64
		{EFB5DBFF-2482-4604-8F2F-C950AFDD33D7}.Release|x86.ActiveCfg = Release|x86
		{EFB5DBFF-2482-4604-8F2F-C950AFDD33D7}.Release|x86.Build.0 = Release|x86
		{E0AE2428-4E2E-45B2-80A8-52555AFCB187}.Debug|x64.ActiveCfg = Debug|x64
		{E0AE2428-4E2E-45B2-80A8-52555AFCB187}.Debug|x64.Build.0 = Debug|x64
		{E0AE2428-4E2E-45B2-80A8-52555AFCB187}.Debug|x86.ActiveCfg = Debug|Win32
		{E0AE2428-4E2E-45B2-80A8-52555AFCB187}.Debug|x86.Build.0 = Debug|Win32
		{E0AE2428-4E2E-45B2-80A8-52555AFCB187}.Release|x64.ActiveCfg = Release|x64
		{E0AE2428-4E2E-45B2-80A8-52555AFCB187}.Release|x64.Build.0 = Release|x64
		{E0AE2428-4E2E-45B2-80A8-52555AFCB187}.Release|x86.ActiveCfg = Release|Win32
		{E0AE2428-4E2E-45B2-80A8-52555AFCB187}.Release|x86.Build.0 = Release|Win32
		{FCB7C9C4-7394-49AE-B664-6374DD56DA84}.Debug|x64.ActiveCfg = Debug|x64
		{FCB7C9C4-7394-49AE-B664-6374DD56DA84}.Debug|x64.Build.0 = Debug|x64
		{FCB7C9C4-7394-49AE-B664-6374DD56DA84}.Debug|x86.ActiveCfg = Debug|Win32
		{FCB7C9C4-7394-49AE-B664-6374DD56DA84}.Debug|x86.Build.0 = Debug|Win32
		{FCB7C9C4-7394-49AE-B664-6374DD56DA84}.Release|x64.ActiveCfg = Release|x64
		{FCB7C9C4-7394-49AE-B664-6374DD56DA84}.Release|x64.Build.0 = Release|x64
		{FCB7C9C4-7394-49AE-B664-6374DD56DA84}.Release|x86.ActiveCfg = Release|Win32
		{FCB7C9C4-7394-49AE-B664-6374DD56DA84}.Release|x86.Build.0 = Release|Win32
		{08FB5556-8B1B-4A9E-974D-AB66F4027093}.Debug|x64.ActiveCfg = Debug|x64
		{08FB5556-8B1B-4A9E-974D-AB66F4027093}.Debug|x64.Build.0 = Debug|x64
		{08FB5556-8B1B-4A9E-974D-AB66F4027093}.Debug|x86.ActiveCfg = Debug|Win32
		{08FB5556-8B1B-4A9E-974D-AB66F4027093}.Debug|x86.Build.0 = Debug|Win32
		{08FB5556-8B1B-4A9E-974D-AB66F4027093}.Release|x64.ActiveCfg = Release|x64
		{08FB5556-8B1B-4A9E-974D-AB66F4027093}.Release|x64.Build.0 = Release|x64
		{08FB5556-8B1B-4A9E-974D-AB66F4027093}.Release|x86.ActiveCfg = Release|Win32
		{08FB5556-8B1B-4A9E-974D-AB66F4027093}.Release|x86.Build.0 = Release|Win32
	EndGlobalSection
	GlobalSection(SolutionProperties) = preSolution
		HideSolutionNode = FALSE
	EndGlobalSection
EndGlobal
