
Microsoft Visual Studio Solution File, Format Version 12.00
# Visual Studio 15
VisualStudioVersion = 15.0.26608.5
MinimumVisualStudioVersion = 10.0.40219.1
Project("{8BC9CEB8-8B4A-11D0-8D11-00A0C91BC942}") = "Bootstrap", "Bootstrap\Bootstrap.vcxproj", "{53F06091-DB1A-40EF-BC70-DF2913F07D08}"
EndProject
Project("{8BC9CEB8-8B4A-11D0-8D11-00A0C91BC942}") = "invokable_wrapper", "invokable_wrapper\invokable_wrapper.vcxproj", "{C12A2B7D-96EC-4C06-AF1C-522182AAF641}"
EndProject
Project("{8BC9CEB8-8B4A-11D0-8D11-00A0C91BC942}") = "GameEngineCppWrapper", "GameEngineCppWrapper\GameEngineCppWrapper.vcxproj", "{99A32839-8456-467D-AB8E-1788CBB42094}"
EndProject
Project("{8BC9CEB8-8B4A-11D0-8D11-00A0C91BC942}") = "GameEngineCppCLI", "GameEngineCppCLI\GameEngineCppCLI.vcxproj", "{91345FA5-5810-4103-B058-655A536B3E44}"
	ProjectSection(ProjectDependencies) = postProject
		{99A32839-8456-467D-AB8E-1788CBB42094} = {99A32839-8456-467D-AB8E-1788CBB42094}
	EndProjectSection
EndProject
Project("{8BC9CEB8-8B4A-11D0-8D11-00A0C91BC942}") = "MCTS", "MCTS\MCTS.vcxproj", "{E0AE2428-4E2E-45B2-80A8-52555AFCB187}"
EndProject
Project("{8BC9CEB8-8B4A-11D0-8D11-00A0C91BC942}") = "TrainNeuralNetwork", "TrainNeuralNetwork\TrainNeuralNetwork.vcxproj", "{08FB5556-8B1B-4A9E-974D-AB66F4027093}"
EndProject
Project("{FAE04EC0-301F-11D3-BF4B-00C04F79EFBC}") = "HearthstoneAI", "HearthstoneAI\HearthstoneAI.csproj", "{5CB9618B-5CF5-4851-9FE6-120AF0459B3C}"
EndProject
Project("{8BC9CEB8-8B4A-11D0-8D11-00A0C91BC942}") = "GenerateTrainData", "GenerateTrainData\GenerateTrainData.vcxproj", "{917C566F-8D5E-4804-99E0-8A8D513CC108}"
EndProject
Global
	GlobalSection(SolutionConfigurationPlatforms) = preSolution
		Debug|Any CPU = Debug|Any CPU
		Debug|x64 = Debug|x64
		Debug|x86 = Debug|x86
		Release|Any CPU = Release|Any CPU
		Release|x64 = Release|x64
		Release|x86 = Release|x86
	EndGlobalSection
	GlobalSection(ProjectConfigurationPlatforms) = postSolution
		{53F06091-DB1A-40EF-BC70-DF2913F07D08}.Debug|Any CPU.ActiveCfg = Debug|Win32
		{53F06091-DB1A-40EF-BC70-DF2913F07D08}.Debug|x64.ActiveCfg = Debug|x64
		{53F06091-DB1A-40EF-BC70-DF2913F07D08}.Debug|x64.Build.0 = Debug|x64
		{53F06091-DB1A-40EF-BC70-DF2913F07D08}.Debug|x86.ActiveCfg = Debug|Win32
		{53F06091-DB1A-40EF-BC70-DF2913F07D08}.Debug|x86.Build.0 = Debug|Win32
		{53F06091-DB1A-40EF-BC70-DF2913F07D08}.Release|Any CPU.ActiveCfg = Release|Win32
		{53F06091-DB1A-40EF-BC70-DF2913F07D08}.Release|x64.ActiveCfg = Release|x64
		{53F06091-DB1A-40EF-BC70-DF2913F07D08}.Release|x64.Build.0 = Release|x64
		{53F06091-DB1A-40EF-BC70-DF2913F07D08}.Release|x86.ActiveCfg = Release|Win32
		{53F06091-DB1A-40EF-BC70-DF2913F07D08}.Release|x86.Build.0 = Release|Win32
		{C12A2B7D-96EC-4C06-AF1C-522182AAF641}.Debug|Any CPU.ActiveCfg = Debug|Win32
		{C12A2B7D-96EC-4C06-AF1C-522182AAF641}.Debug|x64.ActiveCfg = Debug|x64
		{C12A2B7D-96EC-4C06-AF1C-522182AAF641}.Debug|x64.Build.0 = Debug|x64
		{C12A2B7D-96EC-4C06-AF1C-522182AAF641}.Debug|x86.ActiveCfg = Debug|Win32
		{C12A2B7D-96EC-4C06-AF1C-522182AAF641}.Debug|x86.Build.0 = Debug|Win32
		{C12A2B7D-96EC-4C06-AF1C-522182AAF641}.Release|Any CPU.ActiveCfg = Release|Win32
		{C12A2B7D-96EC-4C06-AF1C-522182AAF641}.Release|x64.ActiveCfg = Release|x64
		{C12A2B7D-96EC-4C06-AF1C-522182AAF641}.Release|x64.Build.0 = Release|x64
		{C12A2B7D-96EC-4C06-AF1C-522182AAF641}.Release|x86.ActiveCfg = Release|Win32
		{C12A2B7D-96EC-4C06-AF1C-522182AAF641}.Release|x86.Build.0 = Release|Win32
		{99A32839-8456-467D-AB8E-1788CBB42094}.Debug|Any CPU.ActiveCfg = Debug|Win32
		{99A32839-8456-467D-AB8E-1788CBB42094}.Debug|x64.ActiveCfg = Debug|x64
		{99A32839-8456-467D-AB8E-1788CBB42094}.Debug|x64.Build.0 = Debug|x64
		{99A32839-8456-467D-AB8E-1788CBB42094}.Debug|x86.ActiveCfg = Debug|Win32
		{99A32839-8456-467D-AB8E-1788CBB42094}.Debug|x86.Build.0 = Debug|Win32
		{99A32839-8456-467D-AB8E-1788CBB42094}.Release|Any CPU.ActiveCfg = Release|Win32
		{99A32839-8456-467D-AB8E-1788CBB42094}.Release|x64.ActiveCfg = Release|x64
		{99A32839-8456-467D-AB8E-1788CBB42094}.Release|x64.Build.0 = Release|x64
		{99A32839-8456-467D-AB8E-1788CBB42094}.Release|x86.ActiveCfg = Release|Win32
		{99A32839-8456-467D-AB8E-1788CBB42094}.Release|x86.Build.0 = Release|Win32
		{91345FA5-5810-4103-B058-655A536B3E44}.Debug|Any CPU.ActiveCfg = Debug|Win32
		{91345FA5-5810-4103-B058-655A536B3E44}.Debug|x64.ActiveCfg = Debug|x64
		{91345FA5-5810-4103-B058-655A536B3E44}.Debug|x64.Build.0 = Debug|x64
		{91345FA5-5810-4103-B058-655A536B3E44}.Debug|x86.ActiveCfg = Debug|Win32
		{91345FA5-5810-4103-B058-655A536B3E44}.Debug|x86.Build.0 = Debug|Win32
		{91345FA5-5810-4103-B058-655A536B3E44}.Release|Any CPU.ActiveCfg = Release|Win32
		{91345FA5-5810-4103-B058-655A536B3E44}.Release|x64.ActiveCfg = Release|x64
		{91345FA5-5810-4103-B058-655A536B3E44}.Release|x64.Build.0 = Release|x64
		{91345FA5-5810-4103-B058-655A536B3E44}.Release|x86.ActiveCfg = Release|Win32
		{91345FA5-5810-4103-B058-655A536B3E44}.Release|x86.Build.0 = Release|Win32
		{E0AE2428-4E2E-45B2-80A8-52555AFCB187}.Debug|Any CPU.ActiveCfg = Debug|Win32
		{E0AE2428-4E2E-45B2-80A8-52555AFCB187}.Debug|x64.ActiveCfg = Debug|x64
		{E0AE2428-4E2E-45B2-80A8-52555AFCB187}.Debug|x64.Build.0 = Debug|x64
		{E0AE2428-4E2E-45B2-80A8-52555AFCB187}.Debug|x86.ActiveCfg = Debug|Win32
		{E0AE2428-4E2E-45B2-80A8-52555AFCB187}.Debug|x86.Build.0 = Debug|Win32
		{E0AE2428-4E2E-45B2-80A8-52555AFCB187}.Release|Any CPU.ActiveCfg = Release|Win32
		{E0AE2428-4E2E-45B2-80A8-52555AFCB187}.Release|x64.ActiveCfg = Release|x64
		{E0AE2428-4E2E-45B2-80A8-52555AFCB187}.Release|x64.Build.0 = Release|x64
		{E0AE2428-4E2E-45B2-80A8-52555AFCB187}.Release|x86.ActiveCfg = Release|Win32
		{E0AE2428-4E2E-45B2-80A8-52555AFCB187}.Release|x86.Build.0 = Release|Win32
		{08FB5556-8B1B-4A9E-974D-AB66F4027093}.Debug|Any CPU.ActiveCfg = Debug|Win32
		{08FB5556-8B1B-4A9E-974D-AB66F4027093}.Debug|x64.ActiveCfg = Debug|x64
		{08FB5556-8B1B-4A9E-974D-AB66F4027093}.Debug|x64.Build.0 = Debug|x64
		{08FB5556-8B1B-4A9E-974D-AB66F4027093}.Debug|x86.ActiveCfg = Debug|Win32
		{08FB5556-8B1B-4A9E-974D-AB66F4027093}.Debug|x86.Build.0 = Debug|Win32
		{08FB5556-8B1B-4A9E-974D-AB66F4027093}.Release|Any CPU.ActiveCfg = Release|Win32
		{08FB5556-8B1B-4A9E-974D-AB66F4027093}.Release|x64.ActiveCfg = Release|x64
		{08FB5556-8B1B-4A9E-974D-AB66F4027093}.Release|x64.Build.0 = Release|x64
		{08FB5556-8B1B-4A9E-974D-AB66F4027093}.Release|x86.ActiveCfg = Release|Win32
		{08FB5556-8B1B-4A9E-974D-AB66F4027093}.Release|x86.Build.0 = Release|Win32
		{5CB9618B-5CF5-4851-9FE6-120AF0459B3C}.Debug|Any CPU.ActiveCfg = Debug|Any CPU
		{5CB9618B-5CF5-4851-9FE6-120AF0459B3C}.Debug|Any CPU.Build.0 = Debug|Any CPU
		{5CB9618B-5CF5-4851-9FE6-120AF0459B3C}.Debug|x64.ActiveCfg = Debug|Any CPU
		{5CB9618B-5CF5-4851-9FE6-120AF0459B3C}.Debug|x64.Build.0 = Debug|Any CPU
		{5CB9618B-5CF5-4851-9FE6-120AF0459B3C}.Debug|x86.ActiveCfg = Debug|Any CPU
		{5CB9618B-5CF5-4851-9FE6-120AF0459B3C}.Debug|x86.Build.0 = Debug|Any CPU
		{5CB9618B-5CF5-4851-9FE6-120AF0459B3C}.Release|Any CPU.ActiveCfg = Release|Any CPU
		{5CB9618B-5CF5-4851-9FE6-120AF0459B3C}.Release|Any CPU.Build.0 = Release|Any CPU
		{5CB9618B-5CF5-4851-9FE6-120AF0459B3C}.Release|x64.ActiveCfg = Release|Any CPU
		{5CB9618B-5CF5-4851-9FE6-120AF0459B3C}.Release|x64.Build.0 = Release|Any CPU
		{5CB9618B-5CF5-4851-9FE6-120AF0459B3C}.Release|x86.ActiveCfg = Release|Any CPU
		{5CB9618B-5CF5-4851-9FE6-120AF0459B3C}.Release|x86.Build.0 = Release|Any CPU
		{917C566F-8D5E-4804-99E0-8A8D513CC108}.Debug|Any CPU.ActiveCfg = Debug|Win32
		{917C566F-8D5E-4804-99E0-8A8D513CC108}.Debug|x64.ActiveCfg = Debug|x64
		{917C566F-8D5E-4804-99E0-8A8D513CC108}.Debug|x64.Build.0 = Debug|x64
		{917C566F-8D5E-4804-99E0-8A8D513CC108}.Debug|x86.ActiveCfg = Debug|Win32
		{917C566F-8D5E-4804-99E0-8A8D513CC108}.Debug|x86.Build.0 = Debug|Win32
		{917C566F-8D5E-4804-99E0-8A8D513CC108}.Release|Any CPU.ActiveCfg = Release|Win32
		{917C566F-8D5E-4804-99E0-8A8D513CC108}.Release|x64.ActiveCfg = Release|x64
		{917C566F-8D5E-4804-99E0-8A8D513CC108}.Release|x64.Build.0 = Release|x64
		{917C566F-8D5E-4804-99E0-8A8D513CC108}.Release|x86.ActiveCfg = Release|Win32
		{917C566F-8D5E-4804-99E0-8A8D513CC108}.Release|x86.Build.0 = Release|Win32
	EndGlobalSection
	GlobalSection(SolutionProperties) = preSolution
		HideSolutionNode = FALSE
	EndGlobalSection
EndGlobal
