<?xml version="1.0" encoding="utf-8"?>
<Project ToolsVersion="4.0" xmlns="http://schemas.microsoft.com/developer/msbuild/2003">
  <ItemGroup>
    <Filter Include="Source Files">
      <UniqueIdentifier>{4FC737F1-C7A5-4376-A066-2A32D752A2FF}</UniqueIdentifier>
      <Extensions>cpp;c;cc;cxx;def;odl;idl;hpj;bat;asm;asmx</Extensions>
    </Filter>
    <Filter Include="Header Files">
      <UniqueIdentifier>{93995380-89BD-4b04-88EB-625FBE52EBFB}</UniqueIdentifier>
      <Extensions>h;hh;hpp;hxx;hm;inl;inc;xsd</Extensions>
    </Filter>
    <Filter Include="Resource Files">
      <UniqueIdentifier>{67DA6AB6-F800-4c08-8B7A-83BB121AAD01}</UniqueIdentifier>
      <Extensions>rc;ico;cur;bmp;dlg;rc2;rct;bin;rgs;gif;jpg;jpeg;jpe;resx;tiff;tif;png;wav;mfcribbon-ms</Extensions>
    </Filter>
    <Filter Include="Source Files\libjson">
      <UniqueIdentifier>{66dec7d3-4a16-4ec0-a10b-b86aee11ddaf}</UniqueIdentifier>
    </Filter>
    <Filter Include="Header Files\game-engine">
      <UniqueIdentifier>{ef5c52a9-b201-479c-a4d4-373fdc00538b}</UniqueIdentifier>
    </Filter>
    <Filter Include="Header Files\game-ai">
      <UniqueIdentifier>{0fa4afa8-0008-44ce-a2c8-432a68b0744b}</UniqueIdentifier>
    </Filter>
  </ItemGroup>
  <ItemGroup>
    <ClCompile Include="main.cpp">
      <Filter>Source Files</Filter>
    </ClCompile>
    <ClCompile Include="..\..\..\contrib\lib_json\json_reader.cpp">
      <Filter>Source Files\libjson</Filter>
    </ClCompile>
    <ClCompile Include="..\..\..\contrib\lib_json\json_value.cpp">
      <Filter>Source Files\libjson</Filter>
    </ClCompile>
    <ClCompile Include="..\..\..\contrib\lib_json\json_writer.cpp">
      <Filter>Source Files\libjson</Filter>
    </ClCompile>
    <ClCompile Include="request_handler.cpp">
      <Filter>Source Files</Filter>
    </ClCompile>
    <ClCompile Include="ai_invoker.cpp">
      <Filter>Source Files</Filter>
    </ClCompile>
  </ItemGroup>
  <ItemGroup>
    <ClInclude Include="request_handler.h">
      <Filter>Header Files</Filter>
    </ClInclude>
    <ClInclude Include="..\..\..\include\game-engine\board.h">
      <Filter>Header Files\game-engine</Filter>
    </ClInclude>
    <ClInclude Include="..\..\..\include\game-engine\board-impl.h">
      <Filter>Header Files\game-engine</Filter>
    </ClInclude>
    <ClInclude Include="..\..\..\include\game-engine\card.h">
      <Filter>Header Files\game-engine</Filter>
    </ClInclude>
    <ClInclude Include="..\..\..\include\game-engine\card-database.h">
      <Filter>Header Files\game-engine</Filter>
    </ClInclude>
    <ClInclude Include="..\..\..\include\game-engine\card-database-impl.h">
      <Filter>Header Files\game-engine</Filter>
    </ClInclude>
    <ClInclude Include="..\..\..\include\game-engine\card-id-map.h">
      <Filter>Header Files\game-engine</Filter>
    </ClInclude>
    <ClInclude Include="..\..\..\include\game-engine\common.h">
      <Filter>Header Files\game-engine</Filter>
    </ClInclude>
    <ClInclude Include="..\..\..\include\game-engine\deck.h">
      <Filter>Header Files\game-engine</Filter>
    </ClInclude>
    <ClInclude Include="..\..\..\include\game-engine\game-engine.h">
      <Filter>Header Files\game-engine</Filter>
    </ClInclude>
    <ClInclude Include="..\..\..\include\game-engine\hand.h">
      <Filter>Header Files\game-engine</Filter>
    </ClInclude>
    <ClInclude Include="..\..\..\include\game-engine\hidden-secrets.h">
      <Filter>Header Files\game-engine</Filter>
    </ClInclude>
    <ClInclude Include="..\..\..\include\game-engine\move.h">
      <Filter>Header Files\game-engine</Filter>
    </ClInclude>
    <ClInclude Include="..\..\..\include\game-engine\next-move-getter.h">
      <Filter>Header Files\game-engine</Filter>
    </ClInclude>
    <ClInclude Include="..\..\..\include\game-engine\on-death-trigger.h">
      <Filter>Header Files\game-engine</Filter>
    </ClInclude>
    <ClInclude Include="..\..\..\include\game-engine\opponent-cards.h">
      <Filter>Header Files\game-engine</Filter>
    </ClInclude>
    <ClInclude Include="..\..\..\include\game-engine\player-stat.h">
      <Filter>Header Files\game-engine</Filter>
    </ClInclude>
    <ClInclude Include="..\..\..\include\game-engine\random-generator.h">
      <Filter>Header Files\game-engine</Filter>
    </ClInclude>
    <ClInclude Include="..\..\..\include\game-engine\secret.h">
      <Filter>Header Files\game-engine</Filter>
    </ClInclude>
    <ClInclude Include="..\..\..\include\game-engine\secrets.h">
      <Filter>Header Files\game-engine</Filter>
    </ClInclude>
    <ClInclude Include="..\..\..\include\game-engine\slot-index.h">
      <Filter>Header Files\game-engine</Filter>
    </ClInclude>
    <ClInclude Include="..\..\..\include\game-engine\slot-index-impl.h">
      <Filter>Header Files\game-engine</Filter>
    </ClInclude>
    <ClInclude Include="..\..\..\include\game-engine\stage.h">
      <Filter>Header Files\game-engine</Filter>
    </ClInclude>
    <ClInclude Include="ai_invoker.h">
      <Filter>Header Files</Filter>
    </ClInclude>
    <ClInclude Include="..\..\..\include\board-node-map.h">
      <Filter>Header Files\game-ai</Filter>
    </ClInclude>
    <ClInclude Include="..\..\..\include\board-node-map-impl.h">
      <Filter>Header Files\game-ai</Filter>
    </ClInclude>
    <ClInclude Include="..\..\..\include\decider.h">
      <Filter>Header Files\game-ai</Filter>
    </ClInclude>
    <ClInclude Include="..\..\..\include\mcts.h">
      <Filter>Header Files\game-ai</Filter>
    </ClInclude>
    <ClInclude Include="..\..\..\include\task.h">
      <Filter>Header Files\game-ai</Filter>
    </ClInclude>
    <ClInclude Include="..\..\..\include\tree.h">
      <Filter>Header Files\game-ai</Filter>
    </ClInclude>
    <ClInclude Include="..\..\..\include\game-ai\board-finder.h">
      <Filter>Header Files\game-ai</Filter>
    </ClInclude>
    <ClInclude Include="..\..\..\include\game-ai\board-node-map.h">
      <Filter>Header Files\game-ai</Filter>
    </ClInclude>
    <ClInclude Include="..\..\..\include\game-ai\board-node-map-impl.h">
      <Filter>Header Files\game-ai</Filter>
    </ClInclude>
    <ClInclude Include="..\..\..\include\game-ai\decider.h">
      <Filter>Header Files\game-ai</Filter>
    </ClInclude>
    <ClInclude Include="..\..\..\include\game-ai\decider-impl.h">
      <Filter>Header Files\game-ai</Filter>
    </ClInclude>
    <ClInclude Include="..\..\..\include\game-ai\game-ai.h">
      <Filter>Header Files\game-ai</Filter>
    </ClInclude>
    <ClInclude Include="..\..\..\include\game-ai\mcts.h">
      <Filter>Header Files\game-ai</Filter>
    </ClInclude>
    <ClInclude Include="..\..\..\include\game-ai\mcts-impl.h">
      <Filter>Header Files\game-ai</Filter>
    </ClInclude>
    <ClInclude Include="..\..\..\include\game-ai\start-board.h">
      <Filter>Header Files\game-ai</Filter>
    </ClInclude>
    <ClInclude Include="..\..\..\include\game-ai\start-board-impl.h">
      <Filter>Header Files\game-ai</Filter>
    </ClInclude>
    <ClInclude Include="..\..\..\include\game-ai\task.h">
      <Filter>Header Files\game-ai</Filter>
    </ClInclude>
    <ClInclude Include="..\..\..\include\game-ai\task-impl.h">
      <Filter>Header Files\game-ai</Filter>
    </ClInclude>
    <ClInclude Include="..\..\..\include\game-ai\traversed-path-recorder.h">
      <Filter>Header Files\game-ai</Filter>
    </ClInclude>
    <ClInclude Include="..\..\..\include\game-ai\traversed-path-recorder-impl.h">
      <Filter>Header Files\game-ai</Filter>
    </ClInclude>
    <ClInclude Include="..\..\..\include\game-ai\tree.h">
      <Filter>Header Files\game-ai</Filter>
    </ClInclude>
    <ClInclude Include="..\..\..\include\game-ai\turn.h">
      <Filter>Header Files\game-ai</Filter>
    </ClInclude>
  </ItemGroup>
</Project>