<?xml version="1.0" encoding="utf-8"?>
<Project ToolsVersion="4.0" xmlns="http://schemas.microsoft.com/developer/msbuild/2003">
  <ItemGroup>
    <Filter Include="Source Files">
      <UniqueIdentifier>{4FC737F1-C7A5-4376-A066-2A32D752A2FF}</UniqueIdentifier>
      <Extensions>cpp;c;cc;cxx;def;odl;idl;hpj;bat;asm;asmx</Extensions>
    </Filter>
    <Filter Include="Header Files">
      <UniqueIdentifier>{93995380-89BD-4b04-88EB-625FBE52EBFB}</UniqueIdentifier>
      <Extensions>h;hh;hpp;hxx;hm;inl;inc;xsd</Extensions>
    </Filter>
    <Filter Include="Resource Files">
      <UniqueIdentifier>{67DA6AB6-F800-4c08-8B7A-83BB121AAD01}</UniqueIdentifier>
      <Extensions>rc;ico;cur;bmp;dlg;rc2;rct;bin;rgs;gif;jpg;jpeg;jpe;resx;tiff;tif;png;wav;mfcribbon-ms</Extensions>
    </Filter>
    <Filter Include="Source Files\jsoncpp">
      <UniqueIdentifier>{46cc5632-6981-40c0-a753-f78e42a9ecc6}</UniqueIdentifier>
    </Filter>
    <Filter Include="Header Files\judge">
      <UniqueIdentifier>{760eea32-485b-4207-931a-8c342e85fc95}</UniqueIdentifier>
    </Filter>
    <Filter Include="Source Files\MCTS">
      <UniqueIdentifier>{dae6271f-2f23-40c9-8523-406d4a3277cb}</UniqueIdentifier>
    </Filter>
    <Filter Include="Header Files\agent">
      <UniqueIdentifier>{d66a571c-b618-4821-9e3e-65f68d56808d}</UniqueIdentifier>
    </Filter>
  </ItemGroup>
  <ItemGroup>
    <ClCompile Include="..\..\..\third_party\jsoncpp\src\json_reader.cpp">
      <Filter>Source Files\jsoncpp</Filter>
    </ClCompile>
    <ClCompile Include="..\..\..\third_party\jsoncpp\src\json_value.cpp">
      <Filter>Source Files\jsoncpp</Filter>
    </ClCompile>
    <ClCompile Include="..\..\..\third_party\jsoncpp\src\json_writer.cpp">
      <Filter>Source Files\jsoncpp</Filter>
    </ClCompile>
    <ClCompile Include="..\src\GenerateTrainData.cpp">
      <Filter>Source Files</Filter>
    </ClCompile>
    <ClCompile Include="..\..\src\neural_net\NeuralNetwork.cpp">
      <Filter>Source Files</Filter>
    </ClCompile>
    <ClCompile Include="..\..\test\CardDispatcher.cpp">
      <Filter>Source Files\MCTS</Filter>
    </ClCompile>
    <ClCompile Include="..\..\test\TestStateBuilder.cpp">
      <Filter>Source Files\MCTS</Filter>
    </ClCompile>
  </ItemGroup>
  <ItemGroup>
    <ClInclude Include="..\..\engine\include\FlowControl\utils\ActionApplier.h">
      <Filter>Header Files</Filter>
    </ClInclude>
    <ClInclude Include="..\..\engine\include\FlowControl\utils\MainOp.h">
      <Filter>Header Files</Filter>
    </ClInclude>
    <ClInclude Include="..\..\..\judge\include\judge\IAgent.h">
      <Filter>Header Files\judge</Filter>
    </ClInclude>
    <ClInclude Include="..\..\..\judge\include\judge\Judger.h">
      <Filter>Header Files\judge</Filter>
    </ClInclude>
    <ClInclude Include="..\..\..\judge\include\judge\Recorder.h">
      <Filter>Header Files\judge</Filter>
    </ClInclude>
    <ClInclude Include="..\..\include\agents\MCTSAgent.h">
      <Filter>Header Files\agent</Filter>
    </ClInclude>
    <ClInclude Include="..\..\include\agents\MCTSRunner.h">
      <Filter>Header Files\agent</Filter>
    </ClInclude>
    <ClInclude Include="..\..\..\judge\include\judge\IRandomGenerator.h">
      <Filter>Header Files\judge</Filter>
    </ClInclude>
    <ClInclude Include="..\..\..\judge\include\judge\IActionParameterGetter.h">
      <Filter>Header Files\judge</Filter>
    </ClInclude>
  </ItemGroup>
</Project>