<?xml version="1.0" encoding="utf-8"?>
<Project ToolsVersion="4.0" xmlns="http://schemas.microsoft.com/developer/msbuild/2003">
  <ItemGroup>
    <Filter Include="Source Files">
      <UniqueIdentifier>{4FC737F1-C7A5-4376-A066-2A32D752A2FF}</UniqueIdentifier>
      <Extensions>cpp;c;cc;cxx;def;odl;idl;hpj;bat;asm;asmx</Extensions>
    </Filter>
    <Filter Include="Header Files">
      <UniqueIdentifier>{93995380-89BD-4b04-88EB-625FBE52EBFB}</UniqueIdentifier>
      <Extensions>h;hh;hpp;hxx;hm;inl;inc;xsd</Extensions>
    </Filter>
    <Filter Include="Resource Files">
      <UniqueIdentifier>{67DA6AB6-F800-4c08-8B7A-83BB121AAD01}</UniqueIdentifier>
      <Extensions>rc;ico;cur;bmp;dlg;rc2;rct;bin;rgs;gif;jpg;jpeg;jpe;resx;tiff;tif;png;wav;mfcribbon-ms</Extensions>
    </Filter>
    <Filter Include="Header Files\MCTS">
      <UniqueIdentifier>{05520c9c-440b-4fb9-9b33-55a880279bdf}</UniqueIdentifier>
    </Filter>
    <Filter Include="Header Files\MCTS\detail">
      <UniqueIdentifier>{b98b6334-272c-4321-8d82-8a745c6d816a}</UniqueIdentifier>
    </Filter>
    <Filter Include="Header Files\MCTS\selection">
      <UniqueIdentifier>{756b656e-dca2-4912-9875-8237db3a81b7}</UniqueIdentifier>
    </Filter>
    <Filter Include="Header Files\MCTS\simulation">
      <UniqueIdentifier>{ef59716c-5103-4379-875b-fe9dfbcf9b9a}</UniqueIdentifier>
    </Filter>
  </ItemGroup>
  <ItemGroup>
    <ClCompile Include="..\..\src\MCTS\test.cpp">
      <Filter>Source Files</Filter>
    </ClCompile>
    <ClCompile Include="..\..\contrib\lib_json\json_reader.cpp">
      <Filter>Source Files</Filter>
    </ClCompile>
    <ClCompile Include="..\..\contrib\lib_json\json_value.cpp">
      <Filter>Source Files</Filter>
    </ClCompile>
    <ClCompile Include="..\..\contrib\lib_json\json_writer.cpp">
      <Filter>Source Files</Filter>
    </ClCompile>
    <ClCompile Include="..\..\src\MCTS\CardDispatcher.cpp">
      <Filter>Source Files</Filter>
    </ClCompile>
    <ClCompile Include="..\..\src\MCTS\TestStateBuilder.cpp">
      <Filter>Source Files</Filter>
    </ClCompile>
  </ItemGroup>
  <ItemGroup>
    <ClInclude Include="..\..\include\MCTS\Board.h">
      <Filter>Header Files\MCTS</Filter>
    </ClInclude>
    <ClInclude Include="..\..\include\MCTS\MCTS.h">
      <Filter>Header Files\MCTS</Filter>
    </ClInclude>
    <ClInclude Include="..\..\src\MCTS\TestStateBuilder.h">
      <Filter>Header Files</Filter>
    </ClInclude>
    <ClInclude Include="..\..\include\MCTS\ActionParameterGetter.h">
      <Filter>Header Files\MCTS</Filter>
    </ClInclude>
    <ClInclude Include="..\..\include\MCTS\RandomGenerator.h">
      <Filter>Header Files\MCTS</Filter>
    </ClInclude>
    <ClInclude Include="..\..\include\MCTS\MCTS-impl.h">
      <Filter>Header Files\MCTS</Filter>
    </ClInclude>
    <ClInclude Include="..\..\include\MCTS\Board-impl.h">
      <Filter>Header Files\MCTS</Filter>
    </ClInclude>
    <ClInclude Include="..\..\include\MCTS\detail\EpisodeState.h">
      <Filter>Header Files\MCTS\detail</Filter>
    </ClInclude>
    <ClInclude Include="..\..\include\MCTS\detail\Statistic.h">
      <Filter>Header Files\MCTS\detail</Filter>
    </ClInclude>
    <ClInclude Include="..\..\include\MCTS\Config.h">
      <Filter>Header Files\MCTS</Filter>
    </ClInclude>
    <ClInclude Include="..\..\include\MCTS\ActionType.h">
      <Filter>Header Files\MCTS</Filter>
    </ClInclude>
    <ClInclude Include="..\..\include\MCTS\selection\Selection.h">
      <Filter>Header Files\MCTS\selection</Filter>
    </ClInclude>
    <ClInclude Include="..\..\include\MCTS\simulation\Simulation.h">
      <Filter>Header Files\MCTS\simulation</Filter>
    </ClInclude>
    <ClInclude Include="..\..\include\MCTS\simulation\Tree.h">
      <Filter>Header Files\MCTS\simulation</Filter>
    </ClInclude>
    <ClInclude Include="..\..\include\MCTS\detail\TreeNodeBase.h">
      <Filter>Header Files\MCTS\detail</Filter>
    </ClInclude>
    <ClInclude Include="..\..\include\MCTS\selection\TreeNode.h">
      <Filter>Header Files\MCTS\selection</Filter>
    </ClInclude>
    <ClInclude Include="..\..\include\MCTS\simulation\TreeNode.h">
      <Filter>Header Files\MCTS\simulation</Filter>
    </ClInclude>
  </ItemGroup>
</Project>